// !$*UTF8*$!
{
	archiveVersion = 1;
	classes = {
	};
	objectVersion = 50;
	objects = {

/* Begin PBXBuildFile section */
		553CB60522C6FC8400E0F4A4 /* main.m in Sources */ = {isa = PBXBuildFile; fileRef = 553CB60422C6FC8400E0F4A4 /* main.m */; };
		553CB61E22C6FEF000E0F4A4 /* DeployApiCallResult.h in Headers */ = {isa = PBXBuildFile; fileRef = 553CB61222C6FE9A00E0F4A4 /* DeployApiCallResult.h */; };
		553CB61F22C6FEF000E0F4A4 /* Deployment.h in Headers */ = {isa = PBXBuildFile; fileRef = 553CB60F22C6FE9A00E0F4A4 /* Deployment.h */; };
		553CB62022C6FEF000E0F4A4 /* DeploymentDetails.h in Headers */ = {isa = PBXBuildFile; fileRef = 553CB61022C6FE9A00E0F4A4 /* DeploymentDetails.h */; };
		553CB62122C6FEF000E0F4A4 /* NSJSONSerialization+Rollbar.h in Headers */ = {isa = PBXBuildFile; fileRef = 553CB60E22C6FE9A00E0F4A4 /* NSJSONSerialization+Rollbar.h */; };
		553CB62222C6FEF000E0F4A4 /* Rollbar.h in Headers */ = {isa = PBXBuildFile; fileRef = 553CB61722C6FE9A00E0F4A4 /* Rollbar.h */; };
		553CB62322C6FEF000E0F4A4 /* RollbarConfiguration.h in Headers */ = {isa = PBXBuildFile; fileRef = 553CB61422C6FE9A00E0F4A4 /* RollbarConfiguration.h */; };
		553CB62422C6FEF000E0F4A4 /* RollbarDeploysManager.h in Headers */ = {isa = PBXBuildFile; fileRef = 553CB61322C6FE9A00E0F4A4 /* RollbarDeploysManager.h */; };
		553CB62522C6FEF000E0F4A4 /* RollbarDeploysProtocol.h in Headers */ = {isa = PBXBuildFile; fileRef = 553CB61822C6FE9A00E0F4A4 /* RollbarDeploysProtocol.h */; };
		553CB62622C6FEF000E0F4A4 /* RollbarJSONFriendlyObject.h in Headers */ = {isa = PBXBuildFile; fileRef = 553CB61B22C6FE9A00E0F4A4 /* RollbarJSONFriendlyObject.h */; };
		553CB62722C6FEF000E0F4A4 /* RollbarJSONFriendlyProtocol.h in Headers */ = {isa = PBXBuildFile; fileRef = 553CB61922C6FE9A00E0F4A4 /* RollbarJSONFriendlyProtocol.h */; };
		553CB62822C6FEF000E0F4A4 /* RollbarKSCrashInstallation.h in Headers */ = {isa = PBXBuildFile; fileRef = 553CB61C22C6FE9A00E0F4A4 /* RollbarKSCrashInstallation.h */; };
		553CB62922C6FEF000E0F4A4 /* RollbarLevel.h in Headers */ = {isa = PBXBuildFile; fileRef = 553CB61A22C6FE9A00E0F4A4 /* RollbarLevel.h */; };
		553CB62A22C6FEF000E0F4A4 /* RollbarNotifier.h in Headers */ = {isa = PBXBuildFile; fileRef = 553CB61122C6FE9A00E0F4A4 /* RollbarNotifier.h */; };
		553CB62B22C6FEF000E0F4A4 /* RollbarTelemetry.h in Headers */ = {isa = PBXBuildFile; fileRef = 553CB61522C6FE9A00E0F4A4 /* RollbarTelemetry.h */; };
		553CB62C22C6FEF000E0F4A4 /* RollbarTelemetryType.h in Headers */ = {isa = PBXBuildFile; fileRef = 553CB61622C6FE9A00E0F4A4 /* RollbarTelemetryType.h */; };
		553CB63422CA87E300E0F4A4 /* libc++.tbd in Frameworks */ = {isa = PBXBuildFile; fileRef = 553CB63322CA87E300E0F4A4 /* libc++.tbd */; };
		553CB63622CAAA5A00E0F4A4 /* libRollbar-macOS.a in Frameworks */ = {isa = PBXBuildFile; fileRef = 553CB63522CAAA5900E0F4A4 /* libRollbar-macOS.a */; };
/* End PBXBuildFile section */

/* Begin PBXCopyFilesBuildPhase section */
		553CB5FF22C6FC8400E0F4A4 /* CopyFiles */ = {
			isa = PBXCopyFilesBuildPhase;
			buildActionMask = 2147483647;
			dstPath = /usr/share/man/man1/;
			dstSubfolderSpec = 0;
			files = (
			);
			runOnlyForDeploymentPostprocessing = 1;
		};
/* End PBXCopyFilesBuildPhase section */

/* Begin PBXFileReference section */
		553CB60122C6FC8400E0F4A4 /* macOScmdTool */ = {isa = PBXFileReference; explicitFileType = "compiled.mach-o.executable"; includeInIndex = 0; path = macOScmdTool; sourceTree = BUILT_PRODUCTS_DIR; };
		553CB60422C6FC8400E0F4A4 /* main.m */ = {isa = PBXFileReference; lastKnownFileType = sourcecode.c.objc; path = main.m; sourceTree = "<group>"; };
		553CB60E22C6FE9A00E0F4A4 /* NSJSONSerialization+Rollbar.h */ = {isa = PBXFileReference; fileEncoding = 4; lastKnownFileType = sourcecode.c.h; name = "NSJSONSerialization+Rollbar.h"; path = "../libs/Rollbar-macOS/usr/local/include/NSJSONSerialization+Rollbar.h"; sourceTree = "<group>"; };
		553CB60F22C6FE9A00E0F4A4 /* Deployment.h */ = {isa = PBXFileReference; fileEncoding = 4; lastKnownFileType = sourcecode.c.h; name = Deployment.h; path = "../libs/Rollbar-macOS/usr/local/include/Deployment.h"; sourceTree = "<group>"; };
		553CB61022C6FE9A00E0F4A4 /* DeploymentDetails.h */ = {isa = PBXFileReference; fileEncoding = 4; lastKnownFileType = sourcecode.c.h; name = DeploymentDetails.h; path = "../libs/Rollbar-macOS/usr/local/include/DeploymentDetails.h"; sourceTree = "<group>"; };
		553CB61122C6FE9A00E0F4A4 /* RollbarNotifier.h */ = {isa = PBXFileReference; fileEncoding = 4; lastKnownFileType = sourcecode.c.h; name = RollbarNotifier.h; path = "../libs/Rollbar-macOS/usr/local/include/RollbarNotifier.h"; sourceTree = "<group>"; };
		553CB61222C6FE9A00E0F4A4 /* DeployApiCallResult.h */ = {isa = PBXFileReference; fileEncoding = 4; lastKnownFileType = sourcecode.c.h; name = DeployApiCallResult.h; path = "../libs/Rollbar-macOS/usr/local/include/DeployApiCallResult.h"; sourceTree = "<group>"; };
		553CB61322C6FE9A00E0F4A4 /* RollbarDeploysManager.h */ = {isa = PBXFileReference; fileEncoding = 4; lastKnownFileType = sourcecode.c.h; name = RollbarDeploysManager.h; path = "../libs/Rollbar-macOS/usr/local/include/RollbarDeploysManager.h"; sourceTree = "<group>"; };
		553CB61422C6FE9A00E0F4A4 /* RollbarConfiguration.h */ = {isa = PBXFileReference; fileEncoding = 4; lastKnownFileType = sourcecode.c.h; name = RollbarConfiguration.h; path = "../libs/Rollbar-macOS/usr/local/include/RollbarConfiguration.h"; sourceTree = "<group>"; };
		553CB61522C6FE9A00E0F4A4 /* RollbarTelemetry.h */ = {isa = PBXFileReference; fileEncoding = 4; lastKnownFileType = sourcecode.c.h; name = RollbarTelemetry.h; path = "../libs/Rollbar-macOS/usr/local/include/RollbarTelemetry.h"; sourceTree = "<group>"; };
		553CB61622C6FE9A00E0F4A4 /* RollbarTelemetryType.h */ = {isa = PBXFileReference; fileEncoding = 4; lastKnownFileType = sourcecode.c.h; name = RollbarTelemetryType.h; path = "../libs/Rollbar-macOS/usr/local/include/RollbarTelemetryType.h"; sourceTree = "<group>"; };
		553CB61722C6FE9A00E0F4A4 /* Rollbar.h */ = {isa = PBXFileReference; fileEncoding = 4; lastKnownFileType = sourcecode.c.h; name = Rollbar.h; path = "../libs/Rollbar-macOS/usr/local/include/Rollbar.h"; sourceTree = "<group>"; };
		553CB61822C6FE9A00E0F4A4 /* RollbarDeploysProtocol.h */ = {isa = PBXFileReference; fileEncoding = 4; lastKnownFileType = sourcecode.c.h; name = RollbarDeploysProtocol.h; path = "../libs/Rollbar-macOS/usr/local/include/RollbarDeploysProtocol.h"; sourceTree = "<group>"; };
		553CB61922C6FE9A00E0F4A4 /* RollbarJSONFriendlyProtocol.h */ = {isa = PBXFileReference; fileEncoding = 4; lastKnownFileType = sourcecode.c.h; name = RollbarJSONFriendlyProtocol.h; path = "../libs/Rollbar-macOS/usr/local/include/RollbarJSONFriendlyProtocol.h"; sourceTree = "<group>"; };
		553CB61A22C6FE9A00E0F4A4 /* RollbarLevel.h */ = {isa = PBXFileReference; fileEncoding = 4; lastKnownFileType = sourcecode.c.h; name = RollbarLevel.h; path = "../libs/Rollbar-macOS/usr/local/include/RollbarLevel.h"; sourceTree = "<group>"; };
		553CB61B22C6FE9A00E0F4A4 /* RollbarJSONFriendlyObject.h */ = {isa = PBXFileReference; fileEncoding = 4; lastKnownFileType = sourcecode.c.h; name = RollbarJSONFriendlyObject.h; path = "../libs/Rollbar-macOS/usr/local/include/RollbarJSONFriendlyObject.h"; sourceTree = "<group>"; };
		553CB61C22C6FE9A00E0F4A4 /* RollbarKSCrashInstallation.h */ = {isa = PBXFileReference; fileEncoding = 4; lastKnownFileType = sourcecode.c.h; name = RollbarKSCrashInstallation.h; path = "../libs/Rollbar-macOS/usr/local/include/RollbarKSCrashInstallation.h"; sourceTree = "<group>"; };
		553CB63322CA87E300E0F4A4 /* libc++.tbd */ = {isa = PBXFileReference; lastKnownFileType = "sourcecode.text-based-dylib-definition"; name = "libc++.tbd"; path = "usr/lib/libc++.tbd"; sourceTree = SDKROOT; };
		553CB63522CAAA5900E0F4A4 /* libRollbar-macOS.a */ = {isa = PBXFileReference; lastKnownFileType = archive.ar; name = "libRollbar-macOS.a"; path = "../libs/Rollbar-macOS/libRollbar-macOS.a"; sourceTree = "<group>"; };
/* End PBXFileReference section */

/* Begin PBXFrameworksBuildPhase section */
		553CB5FE22C6FC8400E0F4A4 /* Frameworks */ = {
			isa = PBXFrameworksBuildPhase;
			buildActionMask = 2147483647;
			files = (
				553CB63622CAAA5A00E0F4A4 /* libRollbar-macOS.a in Frameworks */,
				553CB63422CA87E300E0F4A4 /* libc++.tbd in Frameworks */,
			);
			runOnlyForDeploymentPostprocessing = 0;
		};
/* End PBXFrameworksBuildPhase section */

/* Begin PBXGroup section */
		553CB5F822C6FC8400E0F4A4 = {
			isa = PBXGroup;
			children = (
				553CB63022CA843500E0F4A4 /* Rollbar */,
				553CB60322C6FC8400E0F4A4 /* macOScmdTool */,
				553CB60222C6FC8400E0F4A4 /* Products */,
				553CB60B22C6FE0000E0F4A4 /* Frameworks */,
			);
			sourceTree = "<group>";
		};
		553CB60222C6FC8400E0F4A4 /* Products */ = {
			isa = PBXGroup;
			children = (
				553CB60122C6FC8400E0F4A4 /* macOScmdTool */,
			);
			name = Products;
			sourceTree = "<group>";
		};
		553CB60322C6FC8400E0F4A4 /* macOScmdTool */ = {
			isa = PBXGroup;
			children = (
				553CB60422C6FC8400E0F4A4 /* main.m */,
			);
			path = macOScmdTool;
			sourceTree = "<group>";
		};
		553CB60B22C6FE0000E0F4A4 /* Frameworks */ = {
			isa = PBXGroup;
			children = (
				553CB63522CAAA5900E0F4A4 /* libRollbar-macOS.a */,
				553CB63322CA87E300E0F4A4 /* libc++.tbd */,
			);
			name = Frameworks;
			sourceTree = "<group>";
		};
		553CB63022CA843500E0F4A4 /* Rollbar */ = {
			isa = PBXGroup;
			children = (
				553CB61222C6FE9A00E0F4A4 /* DeployApiCallResult.h */,
				553CB60F22C6FE9A00E0F4A4 /* Deployment.h */,
				553CB61022C6FE9A00E0F4A4 /* DeploymentDetails.h */,
				553CB60E22C6FE9A00E0F4A4 /* NSJSONSerialization+Rollbar.h */,
				553CB61722C6FE9A00E0F4A4 /* Rollbar.h */,
				553CB61422C6FE9A00E0F4A4 /* RollbarConfiguration.h */,
				553CB61322C6FE9A00E0F4A4 /* RollbarDeploysManager.h */,
				553CB61822C6FE9A00E0F4A4 /* RollbarDeploysProtocol.h */,
				553CB61B22C6FE9A00E0F4A4 /* RollbarJSONFriendlyObject.h */,
				553CB61922C6FE9A00E0F4A4 /* RollbarJSONFriendlyProtocol.h */,
				553CB61C22C6FE9A00E0F4A4 /* RollbarKSCrashInstallation.h */,
				553CB61A22C6FE9A00E0F4A4 /* RollbarLevel.h */,
				553CB61122C6FE9A00E0F4A4 /* RollbarNotifier.h */,
				553CB61522C6FE9A00E0F4A4 /* RollbarTelemetry.h */,
				553CB61622C6FE9A00E0F4A4 /* RollbarTelemetryType.h */,
			);
			name = Rollbar;
			sourceTree = "<group>";
		};
/* End PBXGroup section */

/* Begin PBXHeadersBuildPhase section */
		553CB61D22C6FEE700E0F4A4 /* Headers */ = {
			isa = PBXHeadersBuildPhase;
			buildActionMask = 2147483647;
			files = (
				553CB62322C6FEF000E0F4A4 /* RollbarConfiguration.h in Headers */,
				553CB62C22C6FEF000E0F4A4 /* RollbarTelemetryType.h in Headers */,
				553CB62422C6FEF000E0F4A4 /* RollbarDeploysManager.h in Headers */,
				553CB62222C6FEF000E0F4A4 /* Rollbar.h in Headers */,
				553CB61E22C6FEF000E0F4A4 /* DeployApiCallResult.h in Headers */,
				553CB62122C6FEF000E0F4A4 /* NSJSONSerialization+Rollbar.h in Headers */,
				553CB62022C6FEF000E0F4A4 /* DeploymentDetails.h in Headers */,
				553CB62922C6FEF000E0F4A4 /* RollbarLevel.h in Headers */,
				553CB62722C6FEF000E0F4A4 /* RollbarJSONFriendlyProtocol.h in Headers */,
				553CB62522C6FEF000E0F4A4 /* RollbarDeploysProtocol.h in Headers */,
				553CB62822C6FEF000E0F4A4 /* RollbarKSCrashInstallation.h in Headers */,
				553CB62A22C6FEF000E0F4A4 /* RollbarNotifier.h in Headers */,
				553CB62B22C6FEF000E0F4A4 /* RollbarTelemetry.h in Headers */,
				553CB62622C6FEF000E0F4A4 /* RollbarJSONFriendlyObject.h in Headers */,
				553CB61F22C6FEF000E0F4A4 /* Deployment.h in Headers */,
			);
			runOnlyForDeploymentPostprocessing = 0;
		};
/* End PBXHeadersBuildPhase section */

/* Begin PBXNativeTarget section */
		553CB60022C6FC8400E0F4A4 /* macOScmdTool */ = {
			isa = PBXNativeTarget;
			buildConfigurationList = 553CB60822C6FC8400E0F4A4 /* Build configuration list for PBXNativeTarget "macOScmdTool" */;
			buildPhases = (
				553CB61D22C6FEE700E0F4A4 /* Headers */,
				553CB5FD22C6FC8400E0F4A4 /* Sources */,
				553CB5FE22C6FC8400E0F4A4 /* Frameworks */,
				553CB5FF22C6FC8400E0F4A4 /* CopyFiles */,
			);
			buildRules = (
			);
			dependencies = (
			);
			name = macOScmdTool;
			productName = macOScmdTool;
			productReference = 553CB60122C6FC8400E0F4A4 /* macOScmdTool */;
			productType = "com.apple.product-type.tool";
		};
/* End PBXNativeTarget section */

/* Begin PBXProject section */
		553CB5F922C6FC8400E0F4A4 /* Project object */ = {
			isa = PBXProject;
			attributes = {
				LastUpgradeCheck = 1020;
				ORGANIZATIONNAME = "Andrey Kornich (Wide Spectrum Computing LLC)";
				TargetAttributes = {
					553CB60022C6FC8400E0F4A4 = {
						CreatedOnToolsVersion = 10.2.1;
					};
				};
			};
			buildConfigurationList = 553CB5FC22C6FC8400E0F4A4 /* Build configuration list for PBXProject "macOScmdTool" */;
			compatibilityVersion = "Xcode 9.3";
			developmentRegion = en;
			hasScannedForEncodings = 0;
			knownRegions = (
				en,
			);
			mainGroup = 553CB5F822C6FC8400E0F4A4;
			productRefGroup = 553CB60222C6FC8400E0F4A4 /* Products */;
			projectDirPath = "";
			projectRoot = "";
			targets = (
				553CB60022C6FC8400E0F4A4 /* macOScmdTool */,
			);
		};
/* End PBXProject section */

/* Begin PBXSourcesBuildPhase section */
		553CB5FD22C6FC8400E0F4A4 /* Sources */ = {
			isa = PBXSourcesBuildPhase;
			buildActionMask = 2147483647;
			files = (
				553CB60522C6FC8400E0F4A4 /* main.m in Sources */,
			);
			runOnlyForDeploymentPostprocessing = 0;
		};
/* End PBXSourcesBuildPhase section */

/* Begin XCBuildConfiguration section */
		553CB60622C6FC8400E0F4A4 /* Debug */ = {
			isa = XCBuildConfiguration;
			buildSettings = {
				ALWAYS_SEARCH_USER_PATHS = NO;
				CLANG_ANALYZER_NONNULL = YES;
				CLANG_ANALYZER_NUMBER_OBJECT_CONVERSION = YES_AGGRESSIVE;
				CLANG_CXX_LANGUAGE_STANDARD = "gnu++14";
				CLANG_CXX_LIBRARY = "libc++";
				CLANG_ENABLE_MODULES = YES;
				CLANG_ENABLE_OBJC_ARC = YES;
				CLANG_ENABLE_OBJC_WEAK = YES;
				CLANG_WARN_BLOCK_CAPTURE_AUTORELEASING = YES;
				CLANG_WARN_BOOL_CONVERSION = YES;
				CLANG_WARN_COMMA = YES;
				CLANG_WARN_CONSTANT_CONVERSION = YES;
				CLANG_WARN_DEPRECATED_OBJC_IMPLEMENTATIONS = YES;
				CLANG_WARN_DIRECT_OBJC_ISA_USAGE = YES_ERROR;
				CLANG_WARN_DOCUMENTATION_COMMENTS = YES;
				CLANG_WARN_EMPTY_BODY = YES;
				CLANG_WARN_ENUM_CONVERSION = YES;
				CLANG_WARN_INFINITE_RECURSION = YES;
				CLANG_WARN_INT_CONVERSION = YES;
				CLANG_WARN_NON_LITERAL_NULL_CONVERSION = YES;
				CLANG_WARN_OBJC_IMPLICIT_RETAIN_SELF = YES;
				CLANG_WARN_OBJC_LITERAL_CONVERSION = YES;
				CLANG_WARN_OBJC_ROOT_CLASS = YES_ERROR;
				CLANG_WARN_RANGE_LOOP_ANALYSIS = YES;
				CLANG_WARN_STRICT_PROTOTYPES = YES;
				CLANG_WARN_SUSPICIOUS_MOVE = YES;
				CLANG_WARN_UNGUARDED_AVAILABILITY = YES_AGGRESSIVE;
				CLANG_WARN_UNREACHABLE_CODE = YES;
				CLANG_WARN__DUPLICATE_METHOD_MATCH = YES;
				CODE_SIGN_IDENTITY = "-";
				COPY_PHASE_STRIP = NO;
				DEBUG_INFORMATION_FORMAT = dwarf;
				ENABLE_STRICT_OBJC_MSGSEND = YES;
				ENABLE_TESTABILITY = YES;
				GCC_C_LANGUAGE_STANDARD = gnu11;
				GCC_DYNAMIC_NO_PIC = NO;
				GCC_NO_COMMON_BLOCKS = YES;
				GCC_OPTIMIZATION_LEVEL = 0;
				GCC_PREPROCESSOR_DEFINITIONS = (
					"DEBUG=1",
					"$(inherited)",
				);
				GCC_WARN_64_TO_32_BIT_CONVERSION = YES;
				GCC_WARN_ABOUT_RETURN_TYPE = YES_ERROR;
				GCC_WARN_UNDECLARED_SELECTOR = YES;
				GCC_WARN_UNINITIALIZED_AUTOS = YES_AGGRESSIVE;
				GCC_WARN_UNUSED_FUNCTION = YES;
				GCC_WARN_UNUSED_VARIABLE = YES;
				MACOSX_DEPLOYMENT_TARGET = 10.14;
				MTL_ENABLE_DEBUG_INFO = INCLUDE_SOURCE;
				MTL_FAST_MATH = YES;
				ONLY_ACTIVE_ARCH = YES;
				SDKROOT = macosx;
			};
			name = Debug;
		};
		553CB60722C6FC8400E0F4A4 /* Release */ = {
			isa = XCBuildConfiguration;
			buildSettings = {
				ALWAYS_SEARCH_USER_PATHS = NO;
				CLANG_ANALYZER_NONNULL = YES;
				CLANG_ANALYZER_NUMBER_OBJECT_CONVERSION = YES_AGGRESSIVE;
				CLANG_CXX_LANGUAGE_STANDARD = "gnu++14";
				CLANG_CXX_LIBRARY = "libc++";
				CLANG_ENABLE_MODULES = YES;
				CLANG_ENABLE_OBJC_ARC = YES;
				CLANG_ENABLE_OBJC_WEAK = YES;
				CLANG_WARN_BLOCK_CAPTURE_AUTORELEASING = YES;
				CLANG_WARN_BOOL_CONVERSION = YES;
				CLANG_WARN_COMMA = YES;
				CLANG_WARN_CONSTANT_CONVERSION = YES;
				CLANG_WARN_DEPRECATED_OBJC_IMPLEMENTATIONS = YES;
				CLANG_WARN_DIRECT_OBJC_ISA_USAGE = YES_ERROR;
				CLANG_WARN_DOCUMENTATION_COMMENTS = YES;
				CLANG_WARN_EMPTY_BODY = YES;
				CLANG_WARN_ENUM_CONVERSION = YES;
				CLANG_WARN_INFINITE_RECURSION = YES;
				CLANG_WARN_INT_CONVERSION = YES;
				CLANG_WARN_NON_LITERAL_NULL_CONVERSION = YES;
				CLANG_WARN_OBJC_IMPLICIT_RETAIN_SELF = YES;
				CLANG_WARN_OBJC_LITERAL_CONVERSION = YES;
				CLANG_WARN_OBJC_ROOT_CLASS = YES_ERROR;
				CLANG_WARN_RANGE_LOOP_ANALYSIS = YES;
				CLANG_WARN_STRICT_PROTOTYPES = YES;
				CLANG_WARN_SUSPICIOUS_MOVE = YES;
				CLANG_WARN_UNGUARDED_AVAILABILITY = YES_AGGRESSIVE;
				CLANG_WARN_UNREACHABLE_CODE = YES;
				CLANG_WARN__DUPLICATE_METHOD_MATCH = YES;
				CODE_SIGN_IDENTITY = "-";
				COPY_PHASE_STRIP = NO;
				DEBUG_INFORMATION_FORMAT = "dwarf-with-dsym";
				ENABLE_NS_ASSERTIONS = NO;
				ENABLE_STRICT_OBJC_MSGSEND = YES;
				GCC_C_LANGUAGE_STANDARD = gnu11;
				GCC_NO_COMMON_BLOCKS = YES;
				GCC_WARN_64_TO_32_BIT_CONVERSION = YES;
				GCC_WARN_ABOUT_RETURN_TYPE = YES_ERROR;
				GCC_WARN_UNDECLARED_SELECTOR = YES;
				GCC_WARN_UNINITIALIZED_AUTOS = YES_AGGRESSIVE;
				GCC_WARN_UNUSED_FUNCTION = YES;
				GCC_WARN_UNUSED_VARIABLE = YES;
				MACOSX_DEPLOYMENT_TARGET = 10.14;
				MTL_ENABLE_DEBUG_INFO = NO;
				MTL_FAST_MATH = YES;
				SDKROOT = macosx;
			};
			name = Release;
		};
		553CB60922C6FC8400E0F4A4 /* Debug */ = {
			isa = XCBuildConfiguration;
			buildSettings = {
				CODE_SIGN_STYLE = Manual;
				DEVELOPMENT_TEAM = "";
				LIBRARY_SEARCH_PATHS = "$(PROJECT_DIR)/../libs/Rollbar-macOS";
				OTHER_LDFLAGS = "-ObjC";
				PRODUCT_NAME = "$(TARGET_NAME)";
				PROVISIONING_PROFILE_SPECIFIER = "";
			};
			name = Debug;
		};
		553CB60A22C6FC8400E0F4A4 /* Release */ = {
			isa = XCBuildConfiguration;
			buildSettings = {
				CODE_SIGN_STYLE = Manual;
				DEVELOPMENT_TEAM = "";
				LIBRARY_SEARCH_PATHS = "$(PROJECT_DIR)/../libs/Rollbar-macOS";
				OTHER_LDFLAGS = "-ObjC";
				PRODUCT_NAME = "$(TARGET_NAME)";
				PROVISIONING_PROFILE_SPECIFIER = "";
			};
			name = Release;
		};
/* End XCBuildConfiguration section */

/* Begin XCConfigurationList section */
		553CB5FC22C6FC8400E0F4A4 /* Build configuration list for PBXProject "macOScmdTool" */ = {
			isa = XCConfigurationList;
			buildConfigurations = (
				553CB60622C6FC8400E0F4A4 /* Debug */,
				553CB60722C6FC8400E0F4A4 /* Release */,
			);
			defaultConfigurationIsVisible = 0;
			defaultConfigurationName = Release;
		};
		553CB60822C6FC8400E0F4A4 /* Build configuration list for PBXNativeTarget "macOScmdTool" */ = {
			isa = XCConfigurationList;
			buildConfigurations = (
				553CB60922C6FC8400E0F4A4 /* Debug */,
				553CB60A22C6FC8400E0F4A4 /* Release */,
			);
			defaultConfigurationIsVisible = 0;
			defaultConfigurationName = Release;
		};
/* End XCConfigurationList section */
	};
	rootObject = 553CB5F922C6FC8400E0F4A4 /* Project object */;
}
