// !$*UTF8*$!
{
	archiveVersion = 1;
	classes = {
	};
	objectVersion = 52;
	objects = {

/* Begin PBXBuildFile section */
		5547273924903EB7005018BD /* RollbarNotifier in Frameworks */ = {isa = PBXBuildFile; productRef = 5547273824903EB7005018BD /* RollbarNotifier */; };
		55759A6E2477560D00ED3F04 /* AppDelegate.m in Sources */ = {isa = PBXBuildFile; fileRef = 55759A6D2477560D00ED3F04 /* AppDelegate.m */; };
		55759A712477560D00ED3F04 /* ViewController.m in Sources */ = {isa = PBXBuildFile; fileRef = 55759A702477560D00ED3F04 /* ViewController.m */; };
		55759A732477561100ED3F04 /* Assets.xcassets in Resources */ = {isa = PBXBuildFile; fileRef = 55759A722477561100ED3F04 /* Assets.xcassets */; };
		55759A762477561100ED3F04 /* Main.storyboard in Resources */ = {isa = PBXBuildFile; fileRef = 55759A742477561100ED3F04 /* Main.storyboard */; };
		55759A792477561100ED3F04 /* main.m in Sources */ = {isa = PBXBuildFile; fileRef = 55759A782477561100ED3F04 /* main.m */; };
		55FD0711247860F1000BBC22 /* RollbarDeploys in Frameworks */ = {isa = PBXBuildFile; productRef = 55FD0710247860F1000BBC22 /* RollbarDeploys */; };
		55FD07142478614B000BBC22 /* RollbarDeploysDemoClient.m in Sources */ = {isa = PBXBuildFile; fileRef = 55FD07132478614B000BBC22 /* RollbarDeploysDemoClient.m */; };
/* End PBXBuildFile section */

/* Begin PBXFileReference section */
		55759A692477560D00ED3F04 /* macosAppObjC.app */ = {isa = PBXFileReference; explicitFileType = wrapper.application; includeInIndex = 0; path = macosAppObjC.app; sourceTree = BUILT_PRODUCTS_DIR; };
		55759A6C2477560D00ED3F04 /* AppDelegate.h */ = {isa = PBXFileReference; lastKnownFileType = sourcecode.c.h; path = AppDelegate.h; sourceTree = "<group>"; };
		55759A6D2477560D00ED3F04 /* AppDelegate.m */ = {isa = PBXFileReference; lastKnownFileType = sourcecode.c.objc; path = AppDelegate.m; sourceTree = "<group>"; };
		55759A6F2477560D00ED3F04 /* ViewController.h */ = {isa = PBXFileReference; lastKnownFileType = sourcecode.c.h; path = ViewController.h; sourceTree = "<group>"; };
		55759A702477560D00ED3F04 /* ViewController.m */ = {isa = PBXFileReference; lastKnownFileType = sourcecode.c.objc; path = ViewController.m; sourceTree = "<group>"; };
		55759A722477561100ED3F04 /* Assets.xcassets */ = {isa = PBXFileReference; lastKnownFileType = folder.assetcatalog; path = Assets.xcassets; sourceTree = "<group>"; };
		55759A752477561100ED3F04 /* Base */ = {isa = PBXFileReference; lastKnownFileType = file.storyboard; name = Base; path = Base.lproj/Main.storyboard; sourceTree = "<group>"; };
		55759A772477561100ED3F04 /* Info.plist */ = {isa = PBXFileReference; lastKnownFileType = text.plist.xml; path = Info.plist; sourceTree = "<group>"; };
		55759A782477561100ED3F04 /* main.m */ = {isa = PBXFileReference; lastKnownFileType = sourcecode.c.objc; path = main.m; sourceTree = "<group>"; };
		55759A7A2477561100ED3F04 /* macosAppObjC.entitlements */ = {isa = PBXFileReference; lastKnownFileType = text.plist.entitlements; path = macosAppObjC.entitlements; sourceTree = "<group>"; };
		55FD07122478614B000BBC22 /* RollbarDeploysDemoClient.h */ = {isa = PBXFileReference; lastKnownFileType = sourcecode.c.h; path = RollbarDeploysDemoClient.h; sourceTree = "<group>"; };
		55FD07132478614B000BBC22 /* RollbarDeploysDemoClient.m */ = {isa = PBXFileReference; lastKnownFileType = sourcecode.c.objc; path = RollbarDeploysDemoClient.m; sourceTree = "<group>"; };
/* End PBXFileReference section */

/* Begin PBXFrameworksBuildPhase section */
		55759A662477560D00ED3F04 /* Frameworks */ = {
			isa = PBXFrameworksBuildPhase;
			buildActionMask = 2147483647;
			files = (
				55FD0711247860F1000BBC22 /* RollbarDeploys in Frameworks */,
				5547273924903EB7005018BD /* RollbarNotifier in Frameworks */,
			);
			runOnlyForDeploymentPostprocessing = 0;
		};
/* End PBXFrameworksBuildPhase section */

/* Begin PBXGroup section */
		55759A602477560D00ED3F04 = {
			isa = PBXGroup;
			children = (
				55759A6B2477560D00ED3F04 /* macosAppObjC */,
				55759A6A2477560D00ED3F04 /* Products */,
				55FD070F247860F1000BBC22 /* Frameworks */,
			);
			sourceTree = "<group>";
		};
		55759A6A2477560D00ED3F04 /* Products */ = {
			isa = PBXGroup;
			children = (
				55759A692477560D00ED3F04 /* macosAppObjC.app */,
			);
			name = Products;
			sourceTree = "<group>";
		};
		55759A6B2477560D00ED3F04 /* macosAppObjC */ = {
			isa = PBXGroup;
			children = (
				55759A6C2477560D00ED3F04 /* AppDelegate.h */,
				55759A6D2477560D00ED3F04 /* AppDelegate.m */,
				55759A6F2477560D00ED3F04 /* ViewController.h */,
				55759A702477560D00ED3F04 /* ViewController.m */,
				55759A722477561100ED3F04 /* Assets.xcassets */,
				55759A742477561100ED3F04 /* Main.storyboard */,
				55759A772477561100ED3F04 /* Info.plist */,
				55759A782477561100ED3F04 /* main.m */,
				55759A7A2477561100ED3F04 /* macosAppObjC.entitlements */,
				55FD07122478614B000BBC22 /* RollbarDeploysDemoClient.h */,
				55FD07132478614B000BBC22 /* RollbarDeploysDemoClient.m */,
			);
			path = macosAppObjC;
			sourceTree = "<group>";
		};
		55FD070F247860F1000BBC22 /* Frameworks */ = {
			isa = PBXGroup;
			children = (
			);
			name = Frameworks;
			sourceTree = "<group>";
		};
/* End PBXGroup section */

/* Begin PBXNativeTarget section */
		55759A682477560D00ED3F04 /* macosAppObjC */ = {
			isa = PBXNativeTarget;
			buildConfigurationList = 55759A7D2477561100ED3F04 /* Build configuration list for PBXNativeTarget "macosAppObjC" */;
			buildPhases = (
				55759A652477560D00ED3F04 /* Sources */,
				55759A662477560D00ED3F04 /* Frameworks */,
				55759A672477560D00ED3F04 /* Resources */,
			);
			buildRules = (
			);
			dependencies = (
			);
			name = macosAppObjC;
			packageProductDependencies = (
				55FD0710247860F1000BBC22 /* RollbarDeploys */,
				5547273824903EB7005018BD /* RollbarNotifier */,
			);
			productName = macosAppObjC;
			productReference = 55759A692477560D00ED3F04 /* macosAppObjC.app */;
			productType = "com.apple.product-type.application";
		};
/* End PBXNativeTarget section */

/* Begin PBXProject section */
		55759A612477560D00ED3F04 /* Project object */ = {
			isa = PBXProject;
			attributes = {
				LastUpgradeCheck = 1150;
				ORGANIZATIONNAME = "Andrey Kornich (Wide Spectrum Computing LLC)";
				TargetAttributes = {
					55759A682477560D00ED3F04 = {
						CreatedOnToolsVersion = 11.5;
					};
				};
			};
			buildConfigurationList = 55759A642477560D00ED3F04 /* Build configuration list for PBXProject "macosAppObjC" */;
			compatibilityVersion = "Xcode 9.3";
			developmentRegion = en;
			hasScannedForEncodings = 0;
			knownRegions = (
				en,
				Base,
			);
			mainGroup = 55759A602477560D00ED3F04;
			productRefGroup = 55759A6A2477560D00ED3F04 /* Products */;
			projectDirPath = "";
			projectRoot = "";
			targets = (
				55759A682477560D00ED3F04 /* macosAppObjC */,
			);
		};
/* End PBXProject section */

/* Begin PBXResourcesBuildPhase section */
		55759A672477560D00ED3F04 /* Resources */ = {
			isa = PBXResourcesBuildPhase;
			buildActionMask = 2147483647;
			files = (
				55759A732477561100ED3F04 /* Assets.xcassets in Resources */,
				55759A762477561100ED3F04 /* Main.storyboard in Resources */,
			);
			runOnlyForDeploymentPostprocessing = 0;
		};
/* End PBXResourcesBuildPhase section */

/* Begin PBXSourcesBuildPhase section */
		55759A652477560D00ED3F04 /* Sources */ = {
			isa = PBXSourcesBuildPhase;
			buildActionMask = 2147483647;
			files = (
				55759A712477560D00ED3F04 /* ViewController.m in Sources */,
				55759A792477561100ED3F04 /* main.m in Sources */,
				55759A6E2477560D00ED3F04 /* AppDelegate.m in Sources */,
				55FD07142478614B000BBC22 /* RollbarDeploysDemoClient.m in Sources */,
			);
			runOnlyForDeploymentPostprocessing = 0;
		};
/* End PBXSourcesBuildPhase section */

/* Begin PBXVariantGroup section */
		55759A742477561100ED3F04 /* Main.storyboard */ = {
			isa = PBXVariantGroup;
			children = (
				55759A752477561100ED3F04 /* Base */,
			);
			name = Main.storyboard;
			sourceTree = "<group>";
		};
/* End PBXVariantGroup section */

/* Begin XCBuildConfiguration section */
		55759A7B2477561100ED3F04 /* Debug */ = {
			isa = XCBuildConfiguration;
			buildSettings = {
				ALWAYS_SEARCH_USER_PATHS = NO;
				CLANG_ANALYZER_NONNULL = YES;
				CLANG_ANALYZER_NUMBER_OBJECT_CONVERSION = YES_AGGRESSIVE;
				CLANG_CXX_LANGUAGE_STANDARD = "gnu++14";
				CLANG_CXX_LIBRARY = "libc++";
				CLANG_ENABLE_MODULES = YES;
				CLANG_ENABLE_OBJC_ARC = YES;
				CLANG_ENABLE_OBJC_WEAK = YES;
				CLANG_WARN_BLOCK_CAPTURE_AUTORELEASING = YES;
				CLANG_WARN_BOOL_CONVERSION = YES;
				CLANG_WARN_COMMA = YES;
				CLANG_WARN_CONSTANT_CONVERSION = YES;
				CLANG_WARN_DEPRECATED_OBJC_IMPLEMENTATIONS = YES;
				CLANG_WARN_DIRECT_OBJC_ISA_USAGE = YES_ERROR;
				CLANG_WARN_DOCUMENTATION_COMMENTS = YES;
				CLANG_WARN_EMPTY_BODY = YES;
				CLANG_WARN_ENUM_CONVERSION = YES;
				CLANG_WARN_INFINITE_RECURSION = YES;
				CLANG_WARN_INT_CONVERSION = YES;
				CLANG_WARN_NON_LITERAL_NULL_CONVERSION = YES;
				CLANG_WARN_OBJC_IMPLICIT_RETAIN_SELF = YES;
				CLANG_WARN_OBJC_LITERAL_CONVERSION = YES;
				CLANG_WARN_OBJC_ROOT_CLASS = YES_ERROR;
				CLANG_WARN_RANGE_LOOP_ANALYSIS = YES;
				CLANG_WARN_STRICT_PROTOTYPES = YES;
				CLANG_WARN_SUSPICIOUS_MOVE = YES;
				CLANG_WARN_UNGUARDED_AVAILABILITY = YES_AGGRESSIVE;
				CLANG_WARN_UNREACHABLE_CODE = YES;
				CLANG_WARN__DUPLICATE_METHOD_MATCH = YES;
				COPY_PHASE_STRIP = NO;
				DEBUG_INFORMATION_FORMAT = dwarf;
				ENABLE_STRICT_OBJC_MSGSEND = YES;
				ENABLE_TESTABILITY = YES;
				GCC_C_LANGUAGE_STANDARD = gnu11;
				GCC_DYNAMIC_NO_PIC = NO;
				GCC_NO_COMMON_BLOCKS = YES;
				GCC_OPTIMIZATION_LEVEL = 0;
				GCC_PREPROCESSOR_DEFINITIONS = (
					"DEBUG=1",
					"$(inherited)",
				);
				GCC_WARN_64_TO_32_BIT_CONVERSION = YES;
				GCC_WARN_ABOUT_RETURN_TYPE = YES_ERROR;
				GCC_WARN_UNDECLARED_SELECTOR = YES;
				GCC_WARN_UNINITIALIZED_AUTOS = YES_AGGRESSIVE;
				GCC_WARN_UNUSED_FUNCTION = YES;
				GCC_WARN_UNUSED_VARIABLE = YES;
				MACOSX_DEPLOYMENT_TARGET = 10.15;
				MTL_ENABLE_DEBUG_INFO = INCLUDE_SOURCE;
				MTL_FAST_MATH = YES;
				ONLY_ACTIVE_ARCH = YES;
				SDKROOT = macosx;
			};
			name = Debug;
		};
		55759A7C2477561100ED3F04 /* Release */ = {
			isa = XCBuildConfiguration;
			buildSettings = {
				ALWAYS_SEARCH_USER_PATHS = NO;
				CLANG_ANALYZER_NONNULL = YES;
				CLANG_ANALYZER_NUMBER_OBJECT_CONVERSION = YES_AGGRESSIVE;
				CLANG_CXX_LANGUAGE_STANDARD = "gnu++14";
				CLANG_CXX_LIBRARY = "libc++";
				CLANG_ENABLE_MODULES = YES;
				CLANG_ENABLE_OBJC_ARC = YES;
				CLANG_ENABLE_OBJC_WEAK = YES;
				CLANG_WARN_BLOCK_CAPTURE_AUTORELEASING = YES;
				CLANG_WARN_BOOL_CONVERSION = YES;
				CLANG_WARN_COMMA = YES;
				CLANG_WARN_CONSTANT_CONVERSION = YES;
				CLANG_WARN_DEPRECATED_OBJC_IMPLEMENTATIONS = YES;
				CLANG_WARN_DIRECT_OBJC_ISA_USAGE = YES_ERROR;
				CLANG_WARN_DOCUMENTATION_COMMENTS = YES;
				CLANG_WARN_EMPTY_BODY = YES;
				CLANG_WARN_ENUM_CONVERSION = YES;
				CLANG_WARN_INFINITE_RECURSION = YES;
				CLANG_WARN_INT_CONVERSION = YES;
				CLANG_WARN_NON_LITERAL_NULL_CONVERSION = YES;
				CLANG_WARN_OBJC_IMPLICIT_RETAIN_SELF = YES;
				CLANG_WARN_OBJC_LITERAL_CONVERSION = YES;
				CLANG_WARN_OBJC_ROOT_CLASS = YES_ERROR;
				CLANG_WARN_RANGE_LOOP_ANALYSIS = YES;
				CLANG_WARN_STRICT_PROTOTYPES = YES;
				CLANG_WARN_SUSPICIOUS_MOVE = YES;
				CLANG_WARN_UNGUARDED_AVAILABILITY = YES_AGGRESSIVE;
				CLANG_WARN_UNREACHABLE_CODE = YES;
				CLANG_WARN__DUPLICATE_METHOD_MATCH = YES;
				COPY_PHASE_STRIP = NO;
				DEBUG_INFORMATION_FORMAT = "dwarf-with-dsym";
				ENABLE_NS_ASSERTIONS = NO;
				ENABLE_STRICT_OBJC_MSGSEND = YES;
				GCC_C_LANGUAGE_STANDARD = gnu11;
				GCC_NO_COMMON_BLOCKS = YES;
				GCC_WARN_64_TO_32_BIT_CONVERSION = YES;
				GCC_WARN_ABOUT_RETURN_TYPE = YES_ERROR;
				GCC_WARN_UNDECLARED_SELECTOR = YES;
				GCC_WARN_UNINITIALIZED_AUTOS = YES_AGGRESSIVE;
				GCC_WARN_UNUSED_FUNCTION = YES;
				GCC_WARN_UNUSED_VARIABLE = YES;
				MACOSX_DEPLOYMENT_TARGET = 10.15;
				MTL_ENABLE_DEBUG_INFO = NO;
				MTL_FAST_MATH = YES;
				SDKROOT = macosx;
			};
			name = Release;
		};
		55759A7E2477561100ED3F04 /* Debug */ = {
			isa = XCBuildConfiguration;
			buildSettings = {
				ASSETCATALOG_COMPILER_APPICON_NAME = AppIcon;
				CODE_SIGN_ENTITLEMENTS = macosAppObjC/macosAppObjC.entitlements;
				CODE_SIGN_STYLE = Automatic;
				COMBINE_HIDPI_IMAGES = YES;
				DEVELOPMENT_TEAM = LDX6L68VZJ;
				ENABLE_HARDENED_RUNTIME = YES;
				INFOPLIST_FILE = macosAppObjC/Info.plist;
				LD_RUNPATH_SEARCH_PATHS = (
					"$(inherited)",
					"@executable_path/../Frameworks",
				);
				PRODUCT_BUNDLE_IDENTIFIER = com.rollbar.macosAppObjC;
				PRODUCT_NAME = "$(TARGET_NAME)";
			};
			name = Debug;
		};
		55759A7F2477561100ED3F04 /* Release */ = {
			isa = XCBuildConfiguration;
			buildSettings = {
				ASSETCATALOG_COMPILER_APPICON_NAME = AppIcon;
				CODE_SIGN_ENTITLEMENTS = macosAppObjC/macosAppObjC.entitlements;
				CODE_SIGN_STYLE = Automatic;
				COMBINE_HIDPI_IMAGES = YES;
				DEVELOPMENT_TEAM = LDX6L68VZJ;
				ENABLE_HARDENED_RUNTIME = YES;
				INFOPLIST_FILE = macosAppObjC/Info.plist;
				LD_RUNPATH_SEARCH_PATHS = (
					"$(inherited)",
					"@executable_path/../Frameworks",
				);
				PRODUCT_BUNDLE_IDENTIFIER = com.rollbar.macosAppObjC;
				PRODUCT_NAME = "$(TARGET_NAME)";
			};
			name = Release;
		};
/* End XCBuildConfiguration section */

/* Begin XCConfigurationList section */
		55759A642477560D00ED3F04 /* Build configuration list for PBXProject "macosAppObjC" */ = {
			isa = XCConfigurationList;
			buildConfigurations = (
				55759A7B2477561100ED3F04 /* Debug */,
				55759A7C2477561100ED3F04 /* Release */,
			);
			defaultConfigurationIsVisible = 0;
			defaultConfigurationName = Release;
		};
		55759A7D2477561100ED3F04 /* Build configuration list for PBXNativeTarget "macosAppObjC" */ = {
			isa = XCConfigurationList;
			buildConfigurations = (
				55759A7E2477561100ED3F04 /* Debug */,
				55759A7F2477561100ED3F04 /* Release */,
			);
			defaultConfigurationIsVisible = 0;
			defaultConfigurationName = Release;
		};
/* End XCConfigurationList section */

/* Begin XCSwiftPackageProductDependency section */
		5547273824903EB7005018BD /* RollbarNotifier */ = {
			isa = XCSwiftPackageProductDependency;
			productName = RollbarNotifier;
		};
		55FD0710247860F1000BBC22 /* RollbarDeploys */ = {
			isa = XCSwiftPackageProductDependency;
			productName = RollbarDeploys;
		};
/* End XCSwiftPackageProductDependency section */
	};
	rootObject = 55759A612477560D00ED3F04 /* Project object */;
}
