{
  "object": {
    "pins": [
      {
        "package": "RollbarSDK",
        "repositoryURL": "https://github.com/rollbar/rollbar-ios",
        "state": {
          "branch": "vNext-2.0.0",
          "revision": "ceaca9ad83411d8661918aa6ed0929ee1796ee53",
          "version": null
        }
      }
    ]
  },
  "version": 1
}
