// !$*UTF8*$!
{
	archiveVersion = 1;
	classes = {
	};
	objectVersion = 52;
	objects = {

/* Begin PBXBuildFile section */
		55C1787124A6A06500B28BDB /* RollbarDeploysDemoClient.swift in Sources */ = {isa = PBXBuildFile; fileRef = 55C1787024A6A06500B28BDB /* RollbarDeploysDemoClient.swift */; };
		55D5368D24A5B37D008582C1 /* RollbarDeploys in Frameworks */ = {isa = PBXBuildFile; productRef = 55D5368C24A5B37D008582C1 /* RollbarDeploys */; };
		55D5368F24A5B37D008582C1 /* RollbarCommon in Frameworks */ = {isa = PBXBuildFile; productRef = 55D5368E24A5B37D008582C1 /* RollbarCommon */; };
		55D5369124A5B37D008582C1 /* RollbarNotifier in Frameworks */ = {isa = PBXBuildFile; productRef = 55D5369024A5B37D008582C1 /* RollbarNotifier */; };
		55E8B5E224A57B920082B70B /* AppDelegate.swift in Sources */ = {isa = PBXBuildFile; fileRef = 55E8B5E124A57B920082B70B /* AppDelegate.swift */; };
		55E8B5E424A57B920082B70B /* ViewController.swift in Sources */ = {isa = PBXBuildFile; fileRef = 55E8B5E324A57B920082B70B /* ViewController.swift */; };
		55E8B5E624A57B9B0082B70B /* Assets.xcassets in Resources */ = {isa = PBXBuildFile; fileRef = 55E8B5E524A57B9B0082B70B /* Assets.xcassets */; };
		55E8B5E924A57B9B0082B70B /* Main.storyboard in Resources */ = {isa = PBXBuildFile; fileRef = 55E8B5E724A57B9B0082B70B /* Main.storyboard */; };
/* End PBXBuildFile section */

/* Begin PBXFileReference section */
		55C1787024A6A06500B28BDB /* RollbarDeploysDemoClient.swift */ = {isa = PBXFileReference; fileEncoding = 4; lastKnownFileType = sourcecode.swift; path = RollbarDeploysDemoClient.swift; sourceTree = "<group>"; };
		55E8B5DE24A57B920082B70B /* macosAppSwiftSPM.app */ = {isa = PBXFileReference; explicitFileType = wrapper.application; includeInIndex = 0; path = macosAppSwiftSPM.app; sourceTree = BUILT_PRODUCTS_DIR; };
		55E8B5E124A57B920082B70B /* AppDelegate.swift */ = {isa = PBXFileReference; lastKnownFileType = sourcecode.swift; path = AppDelegate.swift; sourceTree = "<group>"; };
		55E8B5E324A57B920082B70B /* ViewController.swift */ = {isa = PBXFileReference; lastKnownFileType = sourcecode.swift; path = ViewController.swift; sourceTree = "<group>"; };
		55E8B5E524A57B9B0082B70B /* Assets.xcassets */ = {isa = PBXFileReference; lastKnownFileType = folder.assetcatalog; path = Assets.xcassets; sourceTree = "<group>"; };
		55E8B5E824A57B9B0082B70B /* Base */ = {isa = PBXFileReference; lastKnownFileType = file.storyboard; name = Base; path = Base.lproj/Main.storyboard; sourceTree = "<group>"; };
		55E8B5EA24A57B9B0082B70B /* Info.plist */ = {isa = PBXFileReference; lastKnownFileType = text.plist.xml; path = Info.plist; sourceTree = "<group>"; };
		55E8B5EB24A57B9B0082B70B /* macosAppSwiftSPM.entitlements */ = {isa = PBXFileReference; lastKnownFileType = text.plist.entitlements; path = macosAppSwiftSPM.entitlements; sourceTree = "<group>"; };
/* End PBXFileReference section */

/* Begin PBXFrameworksBuildPhase section */
		55E8B5DB24A57B920082B70B /* Frameworks */ = {
			isa = PBXFrameworksBuildPhase;
			buildActionMask = 2147483647;
			files = (
				55D5369124A5B37D008582C1 /* RollbarNotifier in Frameworks */,
				55D5368F24A5B37D008582C1 /* RollbarCommon in Frameworks */,
				55D5368D24A5B37D008582C1 /* RollbarDeploys in Frameworks */,
			);
			runOnlyForDeploymentPostprocessing = 0;
		};
/* End PBXFrameworksBuildPhase section */

/* Begin PBXGroup section */
		55E8B5D524A57B920082B70B = {
			isa = PBXGroup;
			children = (
				55E8B5E024A57B920082B70B /* macosAppSwiftSPM */,
				55E8B5DF24A57B920082B70B /* Products */,
			);
			sourceTree = "<group>";
		};
		55E8B5DF24A57B920082B70B /* Products */ = {
			isa = PBXGroup;
			children = (
				55E8B5DE24A57B920082B70B /* macosAppSwiftSPM.app */,
			);
			name = Products;
			sourceTree = "<group>";
		};
		55E8B5E024A57B920082B70B /* macosAppSwiftSPM */ = {
			isa = PBXGroup;
			children = (
				55C1787024A6A06500B28BDB /* RollbarDeploysDemoClient.swift */,
				55E8B5E124A57B920082B70B /* AppDelegate.swift */,
				55E8B5E324A57B920082B70B /* ViewController.swift */,
				55E8B5E524A57B9B0082B70B /* Assets.xcassets */,
				55E8B5E724A57B9B0082B70B /* Main.storyboard */,
				55E8B5EA24A57B9B0082B70B /* Info.plist */,
				55E8B5EB24A57B9B0082B70B /* macosAppSwiftSPM.entitlements */,
			);
			path = macosAppSwiftSPM;
			sourceTree = "<group>";
		};
/* End PBXGroup section */

/* Begin PBXNativeTarget section */
		55E8B5DD24A57B920082B70B /* macosAppSwiftSPM */ = {
			isa = PBXNativeTarget;
			buildConfigurationList = 55E8B5EE24A57B9B0082B70B /* Build configuration list for PBXNativeTarget "macosAppSwiftSPM" */;
			buildPhases = (
				55E8B5DA24A57B920082B70B /* Sources */,
				55E8B5DB24A57B920082B70B /* Frameworks */,
				55E8B5DC24A57B920082B70B /* Resources */,
			);
			buildRules = (
			);
			dependencies = (
			);
			name = macosAppSwiftSPM;
			packageProductDependencies = (
				55D5368C24A5B37D008582C1 /* RollbarDeploys */,
				55D5368E24A5B37D008582C1 /* RollbarCommon */,
				55D5369024A5B37D008582C1 /* RollbarNotifier */,
			);
			productName = macosAppSwiftSPM;
			productReference = 55E8B5DE24A57B920082B70B /* macosAppSwiftSPM.app */;
			productType = "com.apple.product-type.application";
		};
/* End PBXNativeTarget section */

/* Begin PBXProject section */
		55E8B5D624A57B920082B70B /* Project object */ = {
			isa = PBXProject;
			attributes = {
				LastSwiftUpdateCheck = 1150;
				LastUpgradeCheck = 1150;
				ORGANIZATIONNAME = "Andrey Kornich (Wide Spectrum Computing LLC)";
				TargetAttributes = {
					55E8B5DD24A57B920082B70B = {
						CreatedOnToolsVersion = 11.5;
					};
				};
			};
			buildConfigurationList = 55E8B5D924A57B920082B70B /* Build configuration list for PBXProject "macosAppSwiftSPM" */;
			compatibilityVersion = "Xcode 9.3";
			developmentRegion = en;
			hasScannedForEncodings = 0;
			knownRegions = (
				en,
				Base,
			);
			mainGroup = 55E8B5D524A57B920082B70B;
			packageReferences = (
				55D5368B24A5B37D008582C1 /* XCRemoteSwiftPackageReference "rollbar-ios" */,
			);
			productRefGroup = 55E8B5DF24A57B920082B70B /* Products */;
			projectDirPath = "";
			projectRoot = "";
			targets = (
				55E8B5DD24A57B920082B70B /* macosAppSwiftSPM */,
			);
		};
/* End PBXProject section */

/* Begin PBXResourcesBuildPhase section */
		55E8B5DC24A57B920082B70B /* Resources */ = {
			isa = PBXResourcesBuildPhase;
			buildActionMask = 2147483647;
			files = (
				55E8B5E624A57B9B0082B70B /* Assets.xcassets in Resources */,
				55E8B5E924A57B9B0082B70B /* Main.storyboard in Resources */,
			);
			runOnlyForDeploymentPostprocessing = 0;
		};
/* End PBXResourcesBuildPhase section */

/* Begin PBXSourcesBuildPhase section */
		55E8B5DA24A57B920082B70B /* Sources */ = {
			isa = PBXSourcesBuildPhase;
			buildActionMask = 2147483647;
			files = (
				55E8B5E424A57B920082B70B /* ViewController.swift in Sources */,
				55E8B5E224A57B920082B70B /* AppDelegate.swift in Sources */,
				55C1787124A6A06500B28BDB /* RollbarDeploysDemoClient.swift in Sources */,
			);
			runOnlyForDeploymentPostprocessing = 0;
		};
/* End PBXSourcesBuildPhase section */

/* Begin PBXVariantGroup section */
		55E8B5E724A57B9B0082B70B /* Main.storyboard */ = {
			isa = PBXVariantGroup;
			children = (
				55E8B5E824A57B9B0082B70B /* Base */,
			);
			name = Main.storyboard;
			sourceTree = "<group>";
		};
/* End PBXVariantGroup section */

/* Begin XCBuildConfiguration section */
		55E8B5EC24A57B9B0082B70B /* Debug */ = {
			isa = XCBuildConfiguration;
			buildSettings = {
				ALWAYS_SEARCH_USER_PATHS = NO;
				CLANG_ANALYZER_NONNULL = YES;
				CLANG_ANALYZER_NUMBER_OBJECT_CONVERSION = YES_AGGRESSIVE;
				CLANG_CXX_LANGUAGE_STANDARD = "gnu++14";
				CLANG_CXX_LIBRARY = "libc++";
				CLANG_ENABLE_MODULES = YES;
				CLANG_ENABLE_OBJC_ARC = YES;
				CLANG_ENABLE_OBJC_WEAK = YES;
				CLANG_WARN_BLOCK_CAPTURE_AUTORELEASING = YES;
				CLANG_WARN_BOOL_CONVERSION = YES;
				CLANG_WARN_COMMA = YES;
				CLANG_WARN_CONSTANT_CONVERSION = YES;
				CLANG_WARN_DEPRECATED_OBJC_IMPLEMENTATIONS = YES;
				CLANG_WARN_DIRECT_OBJC_ISA_USAGE = YES_ERROR;
				CLANG_WARN_DOCUMENTATION_COMMENTS = YES;
				CLANG_WARN_EMPTY_BODY = YES;
				CLANG_WARN_ENUM_CONVERSION = YES;
				CLANG_WARN_INFINITE_RECURSION = YES;
				CLANG_WARN_INT_CONVERSION = YES;
				CLANG_WARN_NON_LITERAL_NULL_CONVERSION = YES;
				CLANG_WARN_OBJC_IMPLICIT_RETAIN_SELF = YES;
				CLANG_WARN_OBJC_LITERAL_CONVERSION = YES;
				CLANG_WARN_OBJC_ROOT_CLASS = YES_ERROR;
				CLANG_WARN_RANGE_LOOP_ANALYSIS = YES;
				CLANG_WARN_STRICT_PROTOTYPES = YES;
				CLANG_WARN_SUSPICIOUS_MOVE = YES;
				CLANG_WARN_UNGUARDED_AVAILABILITY = YES_AGGRESSIVE;
				CLANG_WARN_UNREACHABLE_CODE = YES;
				CLANG_WARN__DUPLICATE_METHOD_MATCH = YES;
				COPY_PHASE_STRIP = NO;
				DEBUG_INFORMATION_FORMAT = dwarf;
				ENABLE_STRICT_OBJC_MSGSEND = YES;
				ENABLE_TESTABILITY = YES;
				GCC_C_LANGUAGE_STANDARD = gnu11;
				GCC_DYNAMIC_NO_PIC = NO;
				GCC_NO_COMMON_BLOCKS = YES;
				GCC_OPTIMIZATION_LEVEL = 0;
				GCC_PREPROCESSOR_DEFINITIONS = (
					"DEBUG=1",
					"$(inherited)",
				);
				GCC_WARN_64_TO_32_BIT_CONVERSION = YES;
				GCC_WARN_ABOUT_RETURN_TYPE = YES_ERROR;
				GCC_WARN_UNDECLARED_SELECTOR = YES;
				GCC_WARN_UNINITIALIZED_AUTOS = YES_AGGRESSIVE;
				GCC_WARN_UNUSED_FUNCTION = YES;
				GCC_WARN_UNUSED_VARIABLE = YES;
				MACOSX_DEPLOYMENT_TARGET = 10.15;
				MTL_ENABLE_DEBUG_INFO = INCLUDE_SOURCE;
				MTL_FAST_MATH = YES;
				ONLY_ACTIVE_ARCH = YES;
				SDKROOT = macosx;
				SWIFT_ACTIVE_COMPILATION_CONDITIONS = DEBUG;
				SWIFT_OPTIMIZATION_LEVEL = "-Onone";
			};
			name = Debug;
		};
		55E8B5ED24A57B9B0082B70B /* Release */ = {
			isa = XCBuildConfiguration;
			buildSettings = {
				ALWAYS_SEARCH_USER_PATHS = NO;
				CLANG_ANALYZER_NONNULL = YES;
				CLANG_ANALYZER_NUMBER_OBJECT_CONVERSION = YES_AGGRESSIVE;
				CLANG_CXX_LANGUAGE_STANDARD = "gnu++14";
				CLANG_CXX_LIBRARY = "libc++";
				CLANG_ENABLE_MODULES = YES;
				CLANG_ENABLE_OBJC_ARC = YES;
				CLANG_ENABLE_OBJC_WEAK = YES;
				CLANG_WARN_BLOCK_CAPTURE_AUTORELEASING = YES;
				CLANG_WARN_BOOL_CONVERSION = YES;
				CLANG_WARN_COMMA = YES;
				CLANG_WARN_CONSTANT_CONVERSION = YES;
				CLANG_WARN_DEPRECATED_OBJC_IMPLEMENTATIONS = YES;
				CLANG_WARN_DIRECT_OBJC_ISA_USAGE = YES_ERROR;
				CLANG_WARN_DOCUMENTATION_COMMENTS = YES;
				CLANG_WARN_EMPTY_BODY = YES;
				CLANG_WARN_ENUM_CONVERSION = YES;
				CLANG_WARN_INFINITE_RECURSION = YES;
				CLANG_WARN_INT_CONVERSION = YES;
				CLANG_WARN_NON_LITERAL_NULL_CONVERSION = YES;
				CLANG_WARN_OBJC_IMPLICIT_RETAIN_SELF = YES;
				CLANG_WARN_OBJC_LITERAL_CONVERSION = YES;
				CLANG_WARN_OBJC_ROOT_CLASS = YES_ERROR;
				CLANG_WARN_RANGE_LOOP_ANALYSIS = YES;
				CLANG_WARN_STRICT_PROTOTYPES = YES;
				CLANG_WARN_SUSPICIOUS_MOVE = YES;
				CLANG_WARN_UNGUARDED_AVAILABILITY = YES_AGGRESSIVE;
				CLANG_WARN_UNREACHABLE_CODE = YES;
				CLANG_WARN__DUPLICATE_METHOD_MATCH = YES;
				COPY_PHASE_STRIP = NO;
				DEBUG_INFORMATION_FORMAT = "dwarf-with-dsym";
				ENABLE_NS_ASSERTIONS = NO;
				ENABLE_STRICT_OBJC_MSGSEND = YES;
				GCC_C_LANGUAGE_STANDARD = gnu11;
				GCC_NO_COMMON_BLOCKS = YES;
				GCC_WARN_64_TO_32_BIT_CONVERSION = YES;
				GCC_WARN_ABOUT_RETURN_TYPE = YES_ERROR;
				GCC_WARN_UNDECLARED_SELECTOR = YES;
				GCC_WARN_UNINITIALIZED_AUTOS = YES_AGGRESSIVE;
				GCC_WARN_UNUSED_FUNCTION = YES;
				GCC_WARN_UNUSED_VARIABLE = YES;
				MACOSX_DEPLOYMENT_TARGET = 10.15;
				MTL_ENABLE_DEBUG_INFO = NO;
				MTL_FAST_MATH = YES;
				SDKROOT = macosx;
				SWIFT_COMPILATION_MODE = wholemodule;
				SWIFT_OPTIMIZATION_LEVEL = "-O";
			};
			name = Release;
		};
		55E8B5EF24A57B9B0082B70B /* Debug */ = {
			isa = XCBuildConfiguration;
			buildSettings = {
				ASSETCATALOG_COMPILER_APPICON_NAME = AppIcon;
				CODE_SIGN_ENTITLEMENTS = macosAppSwiftSPM/macosAppSwiftSPM.entitlements;
				CODE_SIGN_STYLE = Automatic;
				COMBINE_HIDPI_IMAGES = YES;
				DEVELOPMENT_TEAM = LDX6L68VZJ;
				ENABLE_HARDENED_RUNTIME = YES;
				INFOPLIST_FILE = macosAppSwiftSPM/Info.plist;
				LD_RUNPATH_SEARCH_PATHS = (
					"$(inherited)",
					"@executable_path/../Frameworks",
				);
				PRODUCT_BUNDLE_IDENTIFIER = com.rollbar.macosAppSwiftSPM;
				PRODUCT_NAME = "$(TARGET_NAME)";
				SWIFT_VERSION = 5.0;
			};
			name = Debug;
		};
		55E8B5F024A57B9B0082B70B /* Release */ = {
			isa = XCBuildConfiguration;
			buildSettings = {
				ASSETCATALOG_COMPILER_APPICON_NAME = AppIcon;
				CODE_SIGN_ENTITLEMENTS = macosAppSwiftSPM/macosAppSwiftSPM.entitlements;
				CODE_SIGN_STYLE = Automatic;
				COMBINE_HIDPI_IMAGES = YES;
				DEVELOPMENT_TEAM = LDX6L68VZJ;
				ENABLE_HARDENED_RUNTIME = YES;
				INFOPLIST_FILE = macosAppSwiftSPM/Info.plist;
				LD_RUNPATH_SEARCH_PATHS = (
					"$(inherited)",
					"@executable_path/../Frameworks",
				);
				PRODUCT_BUNDLE_IDENTIFIER = com.rollbar.macosAppSwiftSPM;
				PRODUCT_NAME = "$(TARGET_NAME)";
				SWIFT_VERSION = 5.0;
			};
			name = Release;
		};
/* End XCBuildConfiguration section */

/* Begin XCConfigurationList section */
		55E8B5D924A57B920082B70B /* Build configuration list for PBXProject "macosAppSwiftSPM" */ = {
			isa = XCConfigurationList;
			buildConfigurations = (
				55E8B5EC24A57B9B0082B70B /* Debug */,
				55E8B5ED24A57B9B0082B70B /* Release */,
			);
			defaultConfigurationIsVisible = 0;
			defaultConfigurationName = Release;
		};
		55E8B5EE24A57B9B0082B70B /* Build configuration list for PBXNativeTarget "macosAppSwiftSPM" */ = {
			isa = XCConfigurationList;
			buildConfigurations = (
				55E8B5EF24A57B9B0082B70B /* Debug */,
				55E8B5F024A57B9B0082B70B /* Release */,
			);
			defaultConfigurationIsVisible = 0;
			defaultConfigurationName = Release;
		};
/* End XCConfigurationList section */

/* Begin XCRemoteSwiftPackageReference section */
		55D5368B24A5B37D008582C1 /* XCRemoteSwiftPackageReference "rollbar-ios" */ = {
			isa = XCRemoteSwiftPackageReference;
			repositoryURL = "https://github.com/rollbar/rollbar-ios";
			requirement = {
				branch = "vNext-2.0.0";
				kind = branch;
			};
		};
/* End XCRemoteSwiftPackageReference section */

/* Begin XCSwiftPackageProductDependency section */
		55D5368C24A5B37D008582C1 /* RollbarDeploys */ = {
			isa = XCSwiftPackageProductDependency;
			package = 55D5368B24A5B37D008582C1 /* XCRemoteSwiftPackageReference "rollbar-ios" */;
			productName = RollbarDeploys;
		};
		55D5368E24A5B37D008582C1 /* RollbarCommon */ = {
			isa = XCSwiftPackageProductDependency;
			package = 55D5368B24A5B37D008582C1 /* XCRemoteSwiftPackageReference "rollbar-ios" */;
			productName = RollbarCommon;
		};
		55D5369024A5B37D008582C1 /* RollbarNotifier */ = {
			isa = XCSwiftPackageProductDependency;
			package = 55D5368B24A5B37D008582C1 /* XCRemoteSwiftPackageReference "rollbar-ios" */;
			productName = RollbarNotifier;
		};
/* End XCSwiftPackageProductDependency section */
	};
	rootObject = 55E8B5D624A57B920082B70B /* Project object */;
}
