// !$*UTF8*$!
{
	archiveVersion = 1;
	classes = {
	};
	objectVersion = 52;
	objects = {

/* Begin PBXBuildFile section */
		551A4A7923ECEF38008AD1C7 /* AppDelegate.swift in Sources */ = {isa = PBXBuildFile; fileRef = 551A4A7823ECEF38008AD1C7 /* AppDelegate.swift */; };
		551A4A7B23ECEF38008AD1C7 /* ViewController.swift in Sources */ = {isa = PBXBuildFile; fileRef = 551A4A7A23ECEF38008AD1C7 /* ViewController.swift */; };
		551A4A7D23ECEF3C008AD1C7 /* Assets.xcassets in Resources */ = {isa = PBXBuildFile; fileRef = 551A4A7C23ECEF3C008AD1C7 /* Assets.xcassets */; };
		551A4A8023ECEF3C008AD1C7 /* Main.storyboard in Resources */ = {isa = PBXBuildFile; fileRef = 551A4A7E23ECEF3C008AD1C7 /* Main.storyboard */; };
		5527FC1623F35097008362B4 /* libc++.tbd in Frameworks */ = {isa = PBXBuildFile; fileRef = 5527FC1523F34FEE008362B4 /* libc++.tbd */; };
		5588FA572548B3D200814DDB /* RollbarDeploys in Frameworks */ = {isa = PBXBuildFile; productRef = 5588FA562548B3D200814DDB /* RollbarDeploys */; };
		5588FA592548B3D200814DDB /* RollbarCommon in Frameworks */ = {isa = PBXBuildFile; productRef = 5588FA582548B3D200814DDB /* RollbarCommon */; };
		5588FA5B2548B3D200814DDB /* RollbarNotifier in Frameworks */ = {isa = PBXBuildFile; productRef = 5588FA5A2548B3D200814DDB /* RollbarNotifier */; };
/* End PBXBuildFile section */

/* Begin PBXFileReference section */
		551A4A7523ECEF38008AD1C7 /* macOSAppWithSPM.app */ = {isa = PBXFileReference; explicitFileType = wrapper.application; includeInIndex = 0; path = macOSAppWithSPM.app; sourceTree = BUILT_PRODUCTS_DIR; };
		551A4A7823ECEF38008AD1C7 /* AppDelegate.swift */ = {isa = PBXFileReference; lastKnownFileType = sourcecode.swift; path = AppDelegate.swift; sourceTree = "<group>"; };
		551A4A7A23ECEF38008AD1C7 /* ViewController.swift */ = {isa = PBXFileReference; lastKnownFileType = sourcecode.swift; path = ViewController.swift; sourceTree = "<group>"; };
		551A4A7C23ECEF3C008AD1C7 /* Assets.xcassets */ = {isa = PBXFileReference; lastKnownFileType = folder.assetcatalog; path = Assets.xcassets; sourceTree = "<group>"; };
		551A4A7F23ECEF3C008AD1C7 /* Base */ = {isa = PBXFileReference; lastKnownFileType = file.storyboard; name = Base; path = Base.lproj/Main.storyboard; sourceTree = "<group>"; };
		551A4A8123ECEF3C008AD1C7 /* Info.plist */ = {isa = PBXFileReference; lastKnownFileType = text.plist.xml; path = Info.plist; sourceTree = "<group>"; };
		551A4A8223ECEF3C008AD1C7 /* macOSAppWithSPM.entitlements */ = {isa = PBXFileReference; lastKnownFileType = text.plist.entitlements; path = macOSAppWithSPM.entitlements; sourceTree = "<group>"; };
		5527FC1523F34FEE008362B4 /* libc++.tbd */ = {isa = PBXFileReference; lastKnownFileType = "sourcecode.text-based-dylib-definition"; name = "libc++.tbd"; path = "usr/lib/libc++.tbd"; sourceTree = SDKROOT; };
		5588FA5E2548B76600814DDB /* macOSAppWithSPMRelease.entitlements */ = {isa = PBXFileReference; lastKnownFileType = text.plist.entitlements; path = macOSAppWithSPMRelease.entitlements; sourceTree = "<group>"; };
/* End PBXFileReference section */

/* Begin PBXFrameworksBuildPhase section */
		551A4A7223ECEF38008AD1C7 /* Frameworks */ = {
			isa = PBXFrameworksBuildPhase;
			buildActionMask = 2147483647;
			files = (
				5588FA592548B3D200814DDB /* RollbarCommon in Frameworks */,
				5588FA5B2548B3D200814DDB /* RollbarNotifier in Frameworks */,
				5588FA572548B3D200814DDB /* RollbarDeploys in Frameworks */,
				5527FC1623F35097008362B4 /* libc++.tbd in Frameworks */,
			);
			runOnlyForDeploymentPostprocessing = 0;
		};
/* End PBXFrameworksBuildPhase section */

/* Begin PBXGroup section */
		551A4A6C23ECEF38008AD1C7 = {
			isa = PBXGroup;
			children = (
				551A4A7723ECEF38008AD1C7 /* macOSAppWithSPM */,
				551A4A7623ECEF38008AD1C7 /* Products */,
				5527FC1423F34FEE008362B4 /* Frameworks */,
			);
			sourceTree = "<group>";
		};
		551A4A7623ECEF38008AD1C7 /* Products */ = {
			isa = PBXGroup;
			children = (
				551A4A7523ECEF38008AD1C7 /* macOSAppWithSPM.app */,
			);
			name = Products;
			sourceTree = "<group>";
		};
		551A4A7723ECEF38008AD1C7 /* macOSAppWithSPM */ = {
			isa = PBXGroup;
			children = (
				5588FA5E2548B76600814DDB /* macOSAppWithSPMRelease.entitlements */,
				551A4A7823ECEF38008AD1C7 /* AppDelegate.swift */,
				551A4A7A23ECEF38008AD1C7 /* ViewController.swift */,
				551A4A7C23ECEF3C008AD1C7 /* Assets.xcassets */,
				551A4A7E23ECEF3C008AD1C7 /* Main.storyboard */,
				551A4A8123ECEF3C008AD1C7 /* Info.plist */,
				551A4A8223ECEF3C008AD1C7 /* macOSAppWithSPM.entitlements */,
			);
			path = macOSAppWithSPM;
			sourceTree = "<group>";
		};
		5527FC1423F34FEE008362B4 /* Frameworks */ = {
			isa = PBXGroup;
			children = (
				5527FC1523F34FEE008362B4 /* libc++.tbd */,
			);
			name = Frameworks;
			sourceTree = "<group>";
		};
/* End PBXGroup section */

/* Begin PBXNativeTarget section */
		551A4A7423ECEF38008AD1C7 /* macOSAppWithSPM */ = {
			isa = PBXNativeTarget;
			buildConfigurationList = 551A4A8523ECEF3C008AD1C7 /* Build configuration list for PBXNativeTarget "macOSAppWithSPM" */;
			buildPhases = (
				551A4A7123ECEF38008AD1C7 /* Sources */,
				551A4A7223ECEF38008AD1C7 /* Frameworks */,
				551A4A7323ECEF38008AD1C7 /* Resources */,
			);
			buildRules = (
			);
			dependencies = (
			);
			name = macOSAppWithSPM;
			packageProductDependencies = (
				5588FA562548B3D200814DDB /* RollbarDeploys */,
				5588FA582548B3D200814DDB /* RollbarCommon */,
				5588FA5A2548B3D200814DDB /* RollbarNotifier */,
			);
			productName = macOSAppWithSPM;
			productReference = 551A4A7523ECEF38008AD1C7 /* macOSAppWithSPM.app */;
			productType = "com.apple.product-type.application";
		};
/* End PBXNativeTarget section */

/* Begin PBXProject section */
		551A4A6D23ECEF38008AD1C7 /* Project object */ = {
			isa = PBXProject;
			attributes = {
				LastSwiftUpdateCheck = 1130;
				LastUpgradeCheck = 1130;
				ORGANIZATIONNAME = "Andrey Kornich (Wide Spectrum Computing LLC)";
				TargetAttributes = {
					551A4A7423ECEF38008AD1C7 = {
						CreatedOnToolsVersion = 11.3.1;
						LastSwiftMigration = 1130;
					};
				};
			};
			buildConfigurationList = 551A4A7023ECEF38008AD1C7 /* Build configuration list for PBXProject "macOSAppWithSPM" */;
			compatibilityVersion = "Xcode 9.3";
			developmentRegion = en;
			hasScannedForEncodings = 0;
			knownRegions = (
				en,
				Base,
			);
			mainGroup = 551A4A6C23ECEF38008AD1C7;
			packageReferences = (
				5588FA552548B3D100814DDB /* XCRemoteSwiftPackageReference "rollbar-ios" */,
			);
			productRefGroup = 551A4A7623ECEF38008AD1C7 /* Products */;
			projectDirPath = "";
			projectRoot = "";
			targets = (
				551A4A7423ECEF38008AD1C7 /* macOSAppWithSPM */,
			);
		};
/* End PBXProject section */

/* Begin PBXResourcesBuildPhase section */
		551A4A7323ECEF38008AD1C7 /* Resources */ = {
			isa = PBXResourcesBuildPhase;
			buildActionMask = 2147483647;
			files = (
				551A4A7D23ECEF3C008AD1C7 /* Assets.xcassets in Resources */,
				551A4A8023ECEF3C008AD1C7 /* Main.storyboard in Resources */,
			);
			runOnlyForDeploymentPostprocessing = 0;
		};
/* End PBXResourcesBuildPhase section */

/* Begin PBXSourcesBuildPhase section */
		551A4A7123ECEF38008AD1C7 /* Sources */ = {
			isa = PBXSourcesBuildPhase;
			buildActionMask = 2147483647;
			files = (
				551A4A7B23ECEF38008AD1C7 /* ViewController.swift in Sources */,
				551A4A7923ECEF38008AD1C7 /* AppDelegate.swift in Sources */,
			);
			runOnlyForDeploymentPostprocessing = 0;
		};
/* End PBXSourcesBuildPhase section */

/* Begin PBXVariantGroup section */
		551A4A7E23ECEF3C008AD1C7 /* Main.storyboard */ = {
			isa = PBXVariantGroup;
			children = (
				551A4A7F23ECEF3C008AD1C7 /* Base */,
			);
			name = Main.storyboard;
			sourceTree = "<group>";
		};
/* End PBXVariantGroup section */

/* Begin XCBuildConfiguration section */
		551A4A8323ECEF3C008AD1C7 /* Debug */ = {
			isa = XCBuildConfiguration;
			buildSettings = {
				ALWAYS_SEARCH_USER_PATHS = NO;
				CLANG_ALLOW_NON_MODULAR_INCLUDES_IN_FRAMEWORK_MODULES = NO;
				CLANG_ANALYZER_NONNULL = YES;
				CLANG_ANALYZER_NUMBER_OBJECT_CONVERSION = YES_AGGRESSIVE;
				CLANG_CXX_LANGUAGE_STANDARD = "gnu++14";
				CLANG_CXX_LIBRARY = "libc++";
				CLANG_ENABLE_MODULES = YES;
				CLANG_ENABLE_OBJC_ARC = YES;
				CLANG_ENABLE_OBJC_WEAK = YES;
				CLANG_WARN_BLOCK_CAPTURE_AUTORELEASING = YES;
				CLANG_WARN_BOOL_CONVERSION = YES;
				CLANG_WARN_COMMA = YES;
				CLANG_WARN_CONSTANT_CONVERSION = YES;
				CLANG_WARN_DEPRECATED_OBJC_IMPLEMENTATIONS = YES;
				CLANG_WARN_DIRECT_OBJC_ISA_USAGE = YES_ERROR;
				CLANG_WARN_DOCUMENTATION_COMMENTS = YES;
				CLANG_WARN_EMPTY_BODY = YES;
				CLANG_WARN_ENUM_CONVERSION = YES;
				CLANG_WARN_INFINITE_RECURSION = YES;
				CLANG_WARN_INT_CONVERSION = YES;
				CLANG_WARN_NON_LITERAL_NULL_CONVERSION = YES;
				CLANG_WARN_OBJC_IMPLICIT_RETAIN_SELF = YES;
				CLANG_WARN_OBJC_LITERAL_CONVERSION = YES;
				CLANG_WARN_OBJC_ROOT_CLASS = YES_ERROR;
				CLANG_WARN_RANGE_LOOP_ANALYSIS = YES;
				CLANG_WARN_STRICT_PROTOTYPES = YES;
				CLANG_WARN_SUSPICIOUS_MOVE = YES;
				CLANG_WARN_UNGUARDED_AVAILABILITY = YES_AGGRESSIVE;
				CLANG_WARN_UNREACHABLE_CODE = YES;
				CLANG_WARN__DUPLICATE_METHOD_MATCH = YES;
				COPY_PHASE_STRIP = NO;
				DEBUG_INFORMATION_FORMAT = dwarf;
				ENABLE_STRICT_OBJC_MSGSEND = YES;
				ENABLE_TESTABILITY = YES;
				GCC_C_LANGUAGE_STANDARD = gnu11;
				GCC_DYNAMIC_NO_PIC = NO;
				GCC_NO_COMMON_BLOCKS = YES;
				GCC_OPTIMIZATION_LEVEL = 0;
				GCC_PREPROCESSOR_DEFINITIONS = (
					"DEBUG=1",
					"$(inherited)",
				);
				GCC_WARN_64_TO_32_BIT_CONVERSION = YES;
				GCC_WARN_ABOUT_RETURN_TYPE = YES_ERROR;
				GCC_WARN_UNDECLARED_SELECTOR = YES;
				GCC_WARN_UNINITIALIZED_AUTOS = YES_AGGRESSIVE;
				GCC_WARN_UNUSED_FUNCTION = YES;
				GCC_WARN_UNUSED_VARIABLE = YES;
				MACOSX_DEPLOYMENT_TARGET = 10.15;
				MTL_ENABLE_DEBUG_INFO = INCLUDE_SOURCE;
				MTL_FAST_MATH = YES;
				ONLY_ACTIVE_ARCH = YES;
				OTHER_LDFLAGS = "-ObjC";
				OTHER_LIBTOOLFLAGS = "";
				SDKROOT = macosx;
				SWIFT_ACTIVE_COMPILATION_CONDITIONS = DEBUG;
				SWIFT_OPTIMIZATION_LEVEL = "-Onone";
			};
			name = Debug;
		};
		551A4A8423ECEF3C008AD1C7 /* Release */ = {
			isa = XCBuildConfiguration;
			buildSettings = {
				ALWAYS_SEARCH_USER_PATHS = NO;
				CLANG_ALLOW_NON_MODULAR_INCLUDES_IN_FRAMEWORK_MODULES = NO;
				CLANG_ANALYZER_NONNULL = YES;
				CLANG_ANALYZER_NUMBER_OBJECT_CONVERSION = YES_AGGRESSIVE;
				CLANG_CXX_LANGUAGE_STANDARD = "gnu++14";
				CLANG_CXX_LIBRARY = "libc++";
				CLANG_ENABLE_MODULES = YES;
				CLANG_ENABLE_OBJC_ARC = YES;
				CLANG_ENABLE_OBJC_WEAK = YES;
				CLANG_WARN_BLOCK_CAPTURE_AUTORELEASING = YES;
				CLANG_WARN_BOOL_CONVERSION = YES;
				CLANG_WARN_COMMA = YES;
				CLANG_WARN_CONSTANT_CONVERSION = YES;
				CLANG_WARN_DEPRECATED_OBJC_IMPLEMENTATIONS = YES;
				CLANG_WARN_DIRECT_OBJC_ISA_USAGE = YES_ERROR;
				CLANG_WARN_DOCUMENTATION_COMMENTS = YES;
				CLANG_WARN_EMPTY_BODY = YES;
				CLANG_WARN_ENUM_CONVERSION = YES;
				CLANG_WARN_INFINITE_RECURSION = YES;
				CLANG_WARN_INT_CONVERSION = YES;
				CLANG_WARN_NON_LITERAL_NULL_CONVERSION = YES;
				CLANG_WARN_OBJC_IMPLICIT_RETAIN_SELF = YES;
				CLANG_WARN_OBJC_LITERAL_CONVERSION = YES;
				CLANG_WARN_OBJC_ROOT_CLASS = YES_ERROR;
				CLANG_WARN_RANGE_LOOP_ANALYSIS = YES;
				CLANG_WARN_STRICT_PROTOTYPES = YES;
				CLANG_WARN_SUSPICIOUS_MOVE = YES;
				CLANG_WARN_UNGUARDED_AVAILABILITY = YES_AGGRESSIVE;
				CLANG_WARN_UNREACHABLE_CODE = YES;
				CLANG_WARN__DUPLICATE_METHOD_MATCH = YES;
				COPY_PHASE_STRIP = NO;
				DEBUG_INFORMATION_FORMAT = "dwarf-with-dsym";
				ENABLE_NS_ASSERTIONS = NO;
				ENABLE_STRICT_OBJC_MSGSEND = YES;
				GCC_C_LANGUAGE_STANDARD = gnu11;
				GCC_NO_COMMON_BLOCKS = YES;
				GCC_WARN_64_TO_32_BIT_CONVERSION = YES;
				GCC_WARN_ABOUT_RETURN_TYPE = YES_ERROR;
				GCC_WARN_UNDECLARED_SELECTOR = YES;
				GCC_WARN_UNINITIALIZED_AUTOS = YES_AGGRESSIVE;
				GCC_WARN_UNUSED_FUNCTION = YES;
				GCC_WARN_UNUSED_VARIABLE = YES;
				MACOSX_DEPLOYMENT_TARGET = 10.15;
				MTL_ENABLE_DEBUG_INFO = NO;
				MTL_FAST_MATH = YES;
				OTHER_LDFLAGS = "-ObjC";
				OTHER_LIBTOOLFLAGS = "";
				SDKROOT = macosx;
				SWIFT_COMPILATION_MODE = wholemodule;
				SWIFT_OPTIMIZATION_LEVEL = "-O";
			};
			name = Release;
		};
		551A4A8623ECEF3C008AD1C7 /* Debug */ = {
			isa = XCBuildConfiguration;
			buildSettings = {
				ASSETCATALOG_COMPILER_APPICON_NAME = AppIcon;
				CLANG_ENABLE_MODULES = YES;
				CODE_SIGN_ENTITLEMENTS = macOSAppWithSPM/macOSAppWithSPM.entitlements;
				CODE_SIGN_STYLE = Automatic;
				COMBINE_HIDPI_IMAGES = YES;
				DEVELOPMENT_TEAM = "";
				ENABLE_HARDENED_RUNTIME = YES;
				INFOPLIST_FILE = macOSAppWithSPM/Info.plist;
				LD_RUNPATH_SEARCH_PATHS = (
					"$(inherited)",
					"@executable_path/../Frameworks",
				);
				PRODUCT_BUNDLE_IDENTIFIER = com.rollbar.macOSAppWithSPM;
				PRODUCT_NAME = "$(TARGET_NAME)";
				SWIFT_OBJC_BRIDGING_HEADER = "";
				SWIFT_OPTIMIZATION_LEVEL = "-Onone";
				SWIFT_VERSION = 5.0;
			};
			name = Debug;
		};
		551A4A8723ECEF3C008AD1C7 /* Release */ = {
			isa = XCBuildConfiguration;
			buildSettings = {
				ASSETCATALOG_COMPILER_APPICON_NAME = AppIcon;
				CLANG_ENABLE_MODULES = YES;
				CODE_SIGN_ENTITLEMENTS = macOSAppWithSPM/macOSAppWithSPMRelease.entitlements;
				CODE_SIGN_IDENTITY = "-";
				CODE_SIGN_STYLE = Automatic;
				COMBINE_HIDPI_IMAGES = YES;
				DEVELOPMENT_TEAM = 9P5JVC2F34;
				ENABLE_HARDENED_RUNTIME = YES;
				INFOPLIST_FILE = macOSAppWithSPM/Info.plist;
				LD_RUNPATH_SEARCH_PATHS = (
					"$(inherited)",
					"@executable_path/../Frameworks",
				);
				PRODUCT_BUNDLE_IDENTIFIER = com.rollbar.macOSAppWithSPM;
				PRODUCT_NAME = "$(TARGET_NAME)";
				SWIFT_OBJC_BRIDGING_HEADER = "";
				SWIFT_VERSION = 5.0;
			};
			name = Release;
		};
/* End XCBuildConfiguration section */

/* Begin XCConfigurationList section */
		551A4A7023ECEF38008AD1C7 /* Build configuration list for PBXProject "macOSAppWithSPM" */ = {
			isa = XCConfigurationList;
			buildConfigurations = (
				551A4A8323ECEF3C008AD1C7 /* Debug */,
				551A4A8423ECEF3C008AD1C7 /* Release */,
			);
			defaultConfigurationIsVisible = 0;
			defaultConfigurationName = Release;
		};
		551A4A8523ECEF3C008AD1C7 /* Build configuration list for PBXNativeTarget "macOSAppWithSPM" */ = {
			isa = XCConfigurationList;
			buildConfigurations = (
				551A4A8623ECEF3C008AD1C7 /* Debug */,
				551A4A8723ECEF3C008AD1C7 /* Release */,
			);
			defaultConfigurationIsVisible = 0;
			defaultConfigurationName = Release;
		};
/* End XCConfigurationList section */

/* Begin XCRemoteSwiftPackageReference section */
		5588FA552548B3D100814DDB /* XCRemoteSwiftPackageReference "rollbar-ios" */ = {
			isa = XCRemoteSwiftPackageReference;
			repositoryURL = "https://github.com/rollbar/rollbar-ios.git";
			requirement = {
				branch = "vNext-2.0.0";
				kind = branch;
			};
		};
/* End XCRemoteSwiftPackageReference section */

/* Begin XCSwiftPackageProductDependency section */
		5588FA562548B3D200814DDB /* RollbarDeploys */ = {
			isa = XCSwiftPackageProductDependency;
			package = 5588FA552548B3D100814DDB /* XCRemoteSwiftPackageReference "rollbar-ios" */;
			productName = RollbarDeploys;
		};
		5588FA582548B3D200814DDB /* RollbarCommon */ = {
			isa = XCSwiftPackageProductDependency;
			package = 5588FA552548B3D100814DDB /* XCRemoteSwiftPackageReference "rollbar-ios" */;
			productName = RollbarCommon;
		};
		5588FA5A2548B3D200814DDB /* RollbarNotifier */ = {
			isa = XCSwiftPackageProductDependency;
			package = 5588FA552548B3D100814DDB /* XCRemoteSwiftPackageReference "rollbar-ios" */;
			productName = RollbarNotifier;
		};
/* End XCSwiftPackageProductDependency section */
	};
	rootObject = 551A4A6D23ECEF38008AD1C7 /* Project object */;
}
