// !$*UTF8*$!
{
	archiveVersion = 1;
	classes = {
	};
	objectVersion = 46;
	objects = {

/* Begin PBXAggregateTarget section */
		96150F6918EB9CE6004CBC34 /* Distribution */ = {
			isa = PBXAggregateTarget;
			buildConfigurationList = 96150F6A18EB9CE6004CBC34 /* Build configuration list for PBXAggregateTarget "Distribution" */;
			buildPhases = (
				96150F6F18EB9CF2004CBC34 /* ShellScript */,
			);
			dependencies = (
				E0D6EA781E052975006AF2CC /* PBXTargetDependency */,
			);
			name = Distribution;
			productName = Distribution;
		};
/* End PBXAggregateTarget section */

/* Begin PBXBuildFile section */
		E08348081E0434B20035EC39 /* Rollbar.h in Headers */ = {isa = PBXBuildFile; fileRef = E08347F91E0434B20035EC39 /* Rollbar.h */; settings = {ATTRIBUTES = (Public, ); }; };
		E08348091E0434B20035EC39 /* Rollbar.m in Sources */ = {isa = PBXBuildFile; fileRef = E08347FA1E0434B20035EC39 /* Rollbar.m */; };
		E083480A1E0434B20035EC39 /* RollbarConfiguration.h in Headers */ = {isa = PBXBuildFile; fileRef = E08347FB1E0434B20035EC39 /* RollbarConfiguration.h */; settings = {ATTRIBUTES = (Public, ); }; };
		E083480B1E0434B20035EC39 /* RollbarConfiguration.m in Sources */ = {isa = PBXBuildFile; fileRef = E08347FC1E0434B20035EC39 /* RollbarConfiguration.m */; };
		E083480C1E0434B20035EC39 /* RollbarFileReader.h in Headers */ = {isa = PBXBuildFile; fileRef = E08347FD1E0434B20035EC39 /* RollbarFileReader.h */; };
		E083480D1E0434B20035EC39 /* RollbarFileReader.m in Sources */ = {isa = PBXBuildFile; fileRef = E08347FE1E0434B20035EC39 /* RollbarFileReader.m */; };
		E083480E1E0434B20035EC39 /* RollbarLogger.h in Headers */ = {isa = PBXBuildFile; fileRef = E08347FF1E0434B20035EC39 /* RollbarLogger.h */; };
		E083480F1E0434B20035EC39 /* RollbarLogger.m in Sources */ = {isa = PBXBuildFile; fileRef = E08348001E0434B20035EC39 /* RollbarLogger.m */; };
		E08348101E0434B20035EC39 /* RollbarNotifier.h in Headers */ = {isa = PBXBuildFile; fileRef = E08348011E0434B20035EC39 /* RollbarNotifier.h */; };
		E08348111E0434B20035EC39 /* RollbarNotifier.m in Sources */ = {isa = PBXBuildFile; fileRef = E08348021E0434B20035EC39 /* RollbarNotifier.m */; };
		E08348121E0434B20035EC39 /* RollbarReachability.h in Headers */ = {isa = PBXBuildFile; fileRef = E08348031E0434B20035EC39 /* RollbarReachability.h */; };
		E08348131E0434B20035EC39 /* RollbarReachability.m in Sources */ = {isa = PBXBuildFile; fileRef = E08348041E0434B20035EC39 /* RollbarReachability.m */; };
		E08348141E0434B20035EC39 /* RollbarThread.h in Headers */ = {isa = PBXBuildFile; fileRef = E08348051E0434B20035EC39 /* RollbarThread.h */; };
		E08348151E0434B20035EC39 /* RollbarThread.m in Sources */ = {isa = PBXBuildFile; fileRef = E08348061E0434B20035EC39 /* RollbarThread.m */; };
		E08348281E043EC50035EC39 /* RollbarTests.m in Sources */ = {isa = PBXBuildFile; fileRef = E083481B1E0439610035EC39 /* RollbarTests.m */; };
		E0D6EA761E052926006AF2CC /* CrashReporter.framework in Frameworks */ = {isa = PBXBuildFile; fileRef = E0D6EA6F1E0517C1006AF2CC /* CrashReporter.framework */; };
/* End PBXBuildFile section */

/* Begin PBXContainerItemProxy section */
		E08347E51E0432A20035EC39 /* PBXContainerItemProxy */ = {
			isa = PBXContainerItemProxy;
			containerPortal = 96D2220218D8E40600933444 /* Project object */;
			proxyType = 1;
			remoteGlobalIDString = E08347DA1E0432A20035EC39;
			remoteInfo = "Rollbar-iOS";
		};
		E0D6EA771E052975006AF2CC /* PBXContainerItemProxy */ = {
			isa = PBXContainerItemProxy;
			containerPortal = 96D2220218D8E40600933444 /* Project object */;
			proxyType = 1;
			remoteGlobalIDString = E08347DA1E0432A20035EC39;
			remoteInfo = "Rollbar-iOS";
		};
/* End PBXContainerItemProxy section */

/* Begin PBXFileReference section */
		E08347F91E0434B20035EC39 /* Rollbar.h */ = {isa = PBXFileReference; fileEncoding = 4; lastKnownFileType = sourcecode.c.h; name = Rollbar.h; path = Source/Rollbar.h; sourceTree = "<group>"; };
		E08347FA1E0434B20035EC39 /* Rollbar.m */ = {isa = PBXFileReference; fileEncoding = 4; lastKnownFileType = sourcecode.c.objc; name = Rollbar.m; path = Source/Rollbar.m; sourceTree = "<group>"; };
		E08347FB1E0434B20035EC39 /* RollbarConfiguration.h */ = {isa = PBXFileReference; fileEncoding = 4; lastKnownFileType = sourcecode.c.h; name = RollbarConfiguration.h; path = Source/RollbarConfiguration.h; sourceTree = "<group>"; };
		E08347FC1E0434B20035EC39 /* RollbarConfiguration.m */ = {isa = PBXFileReference; fileEncoding = 4; lastKnownFileType = sourcecode.c.objc; name = RollbarConfiguration.m; path = Source/RollbarConfiguration.m; sourceTree = "<group>"; };
		E08347FD1E0434B20035EC39 /* RollbarFileReader.h */ = {isa = PBXFileReference; fileEncoding = 4; lastKnownFileType = sourcecode.c.h; name = RollbarFileReader.h; path = Source/RollbarFileReader.h; sourceTree = "<group>"; };
		E08347FE1E0434B20035EC39 /* RollbarFileReader.m */ = {isa = PBXFileReference; fileEncoding = 4; lastKnownFileType = sourcecode.c.objc; name = RollbarFileReader.m; path = Source/RollbarFileReader.m; sourceTree = "<group>"; };
		E08347FF1E0434B20035EC39 /* RollbarLogger.h */ = {isa = PBXFileReference; fileEncoding = 4; lastKnownFileType = sourcecode.c.h; name = RollbarLogger.h; path = Source/RollbarLogger.h; sourceTree = "<group>"; };
		E08348001E0434B20035EC39 /* RollbarLogger.m */ = {isa = PBXFileReference; fileEncoding = 4; lastKnownFileType = sourcecode.c.objc; name = RollbarLogger.m; path = Source/RollbarLogger.m; sourceTree = "<group>"; };
		E08348011E0434B20035EC39 /* RollbarNotifier.h */ = {isa = PBXFileReference; fileEncoding = 4; lastKnownFileType = sourcecode.c.h; name = RollbarNotifier.h; path = Source/RollbarNotifier.h; sourceTree = "<group>"; };
		E08348021E0434B20035EC39 /* RollbarNotifier.m */ = {isa = PBXFileReference; fileEncoding = 4; lastKnownFileType = sourcecode.c.objc; name = RollbarNotifier.m; path = Source/RollbarNotifier.m; sourceTree = "<group>"; };
		E08348031E0434B20035EC39 /* RollbarReachability.h */ = {isa = PBXFileReference; fileEncoding = 4; lastKnownFileType = sourcecode.c.h; name = RollbarReachability.h; path = Source/RollbarReachability.h; sourceTree = "<group>"; };
		E08348041E0434B20035EC39 /* RollbarReachability.m */ = {isa = PBXFileReference; fileEncoding = 4; lastKnownFileType = sourcecode.c.objc; name = RollbarReachability.m; path = Source/RollbarReachability.m; sourceTree = "<group>"; };
		E08348051E0434B20035EC39 /* RollbarThread.h */ = {isa = PBXFileReference; fileEncoding = 4; lastKnownFileType = sourcecode.c.h; name = RollbarThread.h; path = Source/RollbarThread.h; sourceTree = "<group>"; };
		E08348061E0434B20035EC39 /* RollbarThread.m */ = {isa = PBXFileReference; fileEncoding = 4; lastKnownFileType = sourcecode.c.objc; name = RollbarThread.m; path = Source/RollbarThread.m; sourceTree = "<group>"; };
		E08348171E0439610035EC39 /* Info.plist */ = {isa = PBXFileReference; fileEncoding = 4; lastKnownFileType = text.plist.xml; path = Info.plist; sourceTree = "<group>"; };
		E083481A1E0439610035EC39 /* Info.plist */ = {isa = PBXFileReference; fileEncoding = 4; lastKnownFileType = text.plist.xml; path = Info.plist; sourceTree = "<group>"; };
		E083481B1E0439610035EC39 /* RollbarTests.m */ = {isa = PBXFileReference; fileEncoding = 4; lastKnownFileType = sourcecode.c.objc; path = RollbarTests.m; sourceTree = "<group>"; };
		E0D6EA571E050CF5006AF2CC /* Rollbar-iOSTests.xctest */ = {isa = PBXFileReference; explicitFileType = wrapper.cfbundle; includeInIndex = 0; name = "Rollbar-iOSTests.xctest"; path = "/Users/ezarowny/Development/rollbar-ios/build/Debug-iphoneos/Rollbar-iOSTests.xctest"; sourceTree = "<absolute>"; };
		E0D6EA6E1E051745006AF2CC /* Rollbar.framework */ = {isa = PBXFileReference; explicitFileType = wrapper.framework; includeInIndex = 0; path = Rollbar.framework; sourceTree = BUILT_PRODUCTS_DIR; };
		E0D6EA6F1E0517C1006AF2CC /* CrashReporter.framework */ = {isa = PBXFileReference; lastKnownFileType = wrapper.framework; path = CrashReporter.framework; sourceTree = "<group>"; };
/* End PBXFileReference section */

/* Begin PBXFrameworksBuildPhase section */
		E08347D71E0432A20035EC39 /* Frameworks */ = {
			isa = PBXFrameworksBuildPhase;
			buildActionMask = 2147483647;
			files = (
				E0D6EA761E052926006AF2CC /* CrashReporter.framework in Frameworks */,
			);
			runOnlyForDeploymentPostprocessing = 0;
		};
		E08347E01E0432A20035EC39 /* Frameworks */ = {
			isa = PBXFrameworksBuildPhase;
			buildActionMask = 2147483647;
			files = (
			);
			runOnlyForDeploymentPostprocessing = 0;
		};
/* End PBXFrameworksBuildPhase section */

/* Begin PBXGroup section */
		963075B118DCD69700256154 /* Vendor */ = {
			isa = PBXGroup;
			children = (
				E0D6EA6F1E0517C1006AF2CC /* CrashReporter.framework */,
			);
			path = Vendor;
			sourceTree = "<group>";
		};
		96D2220118D8E40600933444 = {
			isa = PBXGroup;
			children = (
				963075B118DCD69700256154 /* Vendor */,
				E08347F71E0433E80035EC39 /* Source */,
				E08348161E0439610035EC39 /* Rollbar */,
				E08348191E0439610035EC39 /* RollbarTests */,
				E0D6EA6E1E051745006AF2CC /* Rollbar.framework */,
			);
			sourceTree = "<group>";
		};
		E08347F71E0433E80035EC39 /* Source */ = {
			isa = PBXGroup;
			children = (
				E08347F91E0434B20035EC39 /* Rollbar.h */,
				E08347FA1E0434B20035EC39 /* Rollbar.m */,
				E08347FB1E0434B20035EC39 /* RollbarConfiguration.h */,
				E08347FC1E0434B20035EC39 /* RollbarConfiguration.m */,
				E08347FD1E0434B20035EC39 /* RollbarFileReader.h */,
				E08347FE1E0434B20035EC39 /* RollbarFileReader.m */,
				E08347FF1E0434B20035EC39 /* RollbarLogger.h */,
				E08348001E0434B20035EC39 /* RollbarLogger.m */,
				E08348011E0434B20035EC39 /* RollbarNotifier.h */,
				E08348021E0434B20035EC39 /* RollbarNotifier.m */,
				E08348031E0434B20035EC39 /* RollbarReachability.h */,
				E08348041E0434B20035EC39 /* RollbarReachability.m */,
				E08348051E0434B20035EC39 /* RollbarThread.h */,
				E08348061E0434B20035EC39 /* RollbarThread.m */,
			);
			name = Source;
			sourceTree = "<group>";
		};
		E08348161E0439610035EC39 /* Rollbar */ = {
			isa = PBXGroup;
			children = (
				E08348171E0439610035EC39 /* Info.plist */,
			);
			path = Rollbar;
			sourceTree = "<group>";
		};
		E08348191E0439610035EC39 /* RollbarTests */ = {
			isa = PBXGroup;
			children = (
				E083481A1E0439610035EC39 /* Info.plist */,
				E083481B1E0439610035EC39 /* RollbarTests.m */,
			);
			path = RollbarTests;
			sourceTree = "<group>";
		};
/* End PBXGroup section */

/* Begin PBXHeadersBuildPhase section */
		E08347D81E0432A20035EC39 /* Headers */ = {
			isa = PBXHeadersBuildPhase;
			buildActionMask = 2147483647;
			files = (
				E08348081E0434B20035EC39 /* Rollbar.h in Headers */,
				E083480A1E0434B20035EC39 /* RollbarConfiguration.h in Headers */,
				E08348101E0434B20035EC39 /* RollbarNotifier.h in Headers */,
				E08348121E0434B20035EC39 /* RollbarReachability.h in Headers */,
				E083480E1E0434B20035EC39 /* RollbarLogger.h in Headers */,
				E083480C1E0434B20035EC39 /* RollbarFileReader.h in Headers */,
				E08348141E0434B20035EC39 /* RollbarThread.h in Headers */,
			);
			runOnlyForDeploymentPostprocessing = 0;
		};
/* End PBXHeadersBuildPhase section */

/* Begin PBXNativeTarget section */
		E08347DA1E0432A20035EC39 /* Rollbar-iOS */ = {
			isa = PBXNativeTarget;
			buildConfigurationList = E08347EC1E0432A20035EC39 /* Build configuration list for PBXNativeTarget "Rollbar-iOS" */;
			buildPhases = (
				E08347D61E0432A20035EC39 /* Sources */,
				E08347D71E0432A20035EC39 /* Frameworks */,
				E08347D81E0432A20035EC39 /* Headers */,
				E08347D91E0432A20035EC39 /* Resources */,
			);
			buildRules = (
			);
			dependencies = (
			);
			name = "Rollbar-iOS";
			productName = "Rollbar-iOS";
			productReference = E0D6EA6E1E051745006AF2CC /* Rollbar.framework */;
			productType = "com.apple.product-type.framework";
		};
		E08347E21E0432A20035EC39 /* Rollbar-iOSTests */ = {
			isa = PBXNativeTarget;
			buildConfigurationList = E08347EF1E0432A20035EC39 /* Build configuration list for PBXNativeTarget "Rollbar-iOSTests" */;
			buildPhases = (
				E08347DF1E0432A20035EC39 /* Sources */,
				E08347E01E0432A20035EC39 /* Frameworks */,
				E08347E11E0432A20035EC39 /* Resources */,
			);
			buildRules = (
			);
			dependencies = (
				E08347E61E0432A20035EC39 /* PBXTargetDependency */,
			);
			name = "Rollbar-iOSTests";
			productName = "Rollbar-iOSTests";
			productReference = E0D6EA571E050CF5006AF2CC /* Rollbar-iOSTests.xctest */;
			productType = "com.apple.product-type.bundle.unit-test";
		};
/* End PBXNativeTarget section */

/* Begin PBXProject section */
		96D2220218D8E40600933444 /* Project object */ = {
			isa = PBXProject;
			attributes = {
				LastUpgradeCheck = 0820;
				ORGANIZATIONNAME = Rollbar;
				TargetAttributes = {
					E08347DA1E0432A20035EC39 = {
						CreatedOnToolsVersion = 8.2;
						ProvisioningStyle = Automatic;
					};
					E08347E21E0432A20035EC39 = {
						CreatedOnToolsVersion = 8.2;
						ProvisioningStyle = Automatic;
					};
				};
			};
			buildConfigurationList = 96D2220518D8E40600933444 /* Build configuration list for PBXProject "Rollbar" */;
			compatibilityVersion = "Xcode 3.2";
			developmentRegion = English;
			hasScannedForEncodings = 0;
			knownRegions = (
				en,
				English,
				es,
				fi,
				French,
				German,
				pt,
				ru,
				da,
				de,
				fr,
				it,
				ja,
				ko,
				nl,
				no,
				pl,
				sv,
				zh_CN,
				zh_TW,
			);
			mainGroup = 96D2220118D8E40600933444;
			productRefGroup = 96D2220118D8E40600933444;
			projectDirPath = "";
			projectRoot = "";
			targets = (
				96150F6918EB9CE6004CBC34 /* Distribution */,
				E08347DA1E0432A20035EC39 /* Rollbar-iOS */,
				E08347E21E0432A20035EC39 /* Rollbar-iOSTests */,
			);
		};
/* End PBXProject section */

/* Begin PBXResourcesBuildPhase section */
		E08347D91E0432A20035EC39 /* Resources */ = {
			isa = PBXResourcesBuildPhase;
			buildActionMask = 2147483647;
			files = (
			);
			runOnlyForDeploymentPostprocessing = 0;
		};
		E08347E11E0432A20035EC39 /* Resources */ = {
			isa = PBXResourcesBuildPhase;
			buildActionMask = 2147483647;
			files = (
			);
			runOnlyForDeploymentPostprocessing = 0;
		};
/* End PBXResourcesBuildPhase section */

/* Begin PBXShellScriptBuildPhase section */
		96150F6F18EB9CF2004CBC34 /* ShellScript */ = {
			isa = PBXShellScriptBuildPhase;
			buildActionMask = 2147483647;
			files = (
			);
			inputPaths = (
			);
			outputPaths = (
			);
			runOnlyForDeploymentPostprocessing = 0;
			shellPath = /bin/sh;
			shellScript = "SF_TARGET_NAME=${PROJECT_NAME}\nSF_WRAPPER_NAME=\"${SF_TARGET_NAME}.framework\"\nDIST_DIR=\"${SRCROOT}/Dist/${SF_TARGET_NAME}\"\n\nrm -rf \"${DIST_DIR}\"\nmkdir -p \"${DIST_DIR}\"\n\ncp -R \"${BUILT_PRODUCTS_DIR}/${SF_WRAPPER_NAME}\" \"${DIST_DIR}/\"\ncp -R \"${SRCROOT}/Vendor/CrashReporter.framework\" \"${DIST_DIR}/\"\n\ncd \"${SRCROOT}/Dist\"\nzip -yr \"${SF_TARGET_NAME}.zip\" \"${SF_TARGET_NAME}/\"\n";
			showEnvVarsInLog = 0;
		};
/* End PBXShellScriptBuildPhase section */

/* Begin PBXSourcesBuildPhase section */
		E08347D61E0432A20035EC39 /* Sources */ = {
			isa = PBXSourcesBuildPhase;
			buildActionMask = 2147483647;
			files = (
				E083480F1E0434B20035EC39 /* RollbarLogger.m in Sources */,
				E08348111E0434B20035EC39 /* RollbarNotifier.m in Sources */,
				E08348151E0434B20035EC39 /* RollbarThread.m in Sources */,
				E08348091E0434B20035EC39 /* Rollbar.m in Sources */,
				E083480D1E0434B20035EC39 /* RollbarFileReader.m in Sources */,
				E083480B1E0434B20035EC39 /* RollbarConfiguration.m in Sources */,
				E08348131E0434B20035EC39 /* RollbarReachability.m in Sources */,
			);
			runOnlyForDeploymentPostprocessing = 0;
		};
		E08347DF1E0432A20035EC39 /* Sources */ = {
			isa = PBXSourcesBuildPhase;
			buildActionMask = 2147483647;
			files = (
				E08348281E043EC50035EC39 /* RollbarTests.m in Sources */,
			);
			runOnlyForDeploymentPostprocessing = 0;
		};
/* End PBXSourcesBuildPhase section */

/* Begin PBXTargetDependency section */
		E08347E61E0432A20035EC39 /* PBXTargetDependency */ = {
			isa = PBXTargetDependency;
			target = E08347DA1E0432A20035EC39 /* Rollbar-iOS */;
			targetProxy = E08347E51E0432A20035EC39 /* PBXContainerItemProxy */;
		};
		E0D6EA781E052975006AF2CC /* PBXTargetDependency */ = {
			isa = PBXTargetDependency;
			target = E08347DA1E0432A20035EC39 /* Rollbar-iOS */;
			targetProxy = E0D6EA771E052975006AF2CC /* PBXContainerItemProxy */;
		};
/* End PBXTargetDependency section */

/* Begin XCBuildConfiguration section */
		96150F6B18EB9CE6004CBC34 /* Debug */ = {
			isa = XCBuildConfiguration;
			buildSettings = {
				PRODUCT_NAME = "$(TARGET_NAME)";
			};
			name = Debug;
		};
		96150F6C18EB9CE6004CBC34 /* Release */ = {
			isa = XCBuildConfiguration;
			buildSettings = {
				PRODUCT_NAME = "$(TARGET_NAME)";
			};
			name = Release;
		};
		96D2222B18D8E40600933444 /* Debug */ = {
			isa = XCBuildConfiguration;
			buildSettings = {
				ALWAYS_SEARCH_USER_PATHS = NO;
				CLANG_ANALYZER_LOCALIZABILITY_NONLOCALIZED = YES;
				CLANG_ENABLE_MODULES = YES;
				CLANG_ENABLE_OBJC_ARC = YES;
				CLANG_WARN_BOOL_CONVERSION = YES;
				CLANG_WARN_CONSTANT_CONVERSION = YES;
				CLANG_WARN_EMPTY_BODY = YES;
				CLANG_WARN_ENUM_CONVERSION = YES;
				CLANG_WARN_INFINITE_RECURSION = YES;
				CLANG_WARN_INT_CONVERSION = YES;
				CLANG_WARN_SUSPICIOUS_MOVE = YES;
				CLANG_WARN_UNREACHABLE_CODE = YES;
				CLANG_WARN__DUPLICATE_METHOD_MATCH = YES;
				ENABLE_STRICT_OBJC_MSGSEND = YES;
				ENABLE_TESTABILITY = YES;
				GCC_NO_COMMON_BLOCKS = YES;
				GCC_WARN_64_TO_32_BIT_CONVERSION = YES;
				GCC_WARN_ABOUT_RETURN_TYPE = YES;
				GCC_WARN_UNDECLARED_SELECTOR = YES;
				GCC_WARN_UNINITIALIZED_AUTOS = YES;
				GCC_WARN_UNUSED_FUNCTION = YES;
				GCC_WARN_UNUSED_VARIABLE = YES;
				IPHONEOS_DEPLOYMENT_TARGET = 8.0;
				ONLY_ACTIVE_ARCH = YES;
				SDKROOT = iphoneos;
				TARGETED_DEVICE_FAMILY = "1,2";
			};
			name = Debug;
		};
		96D2222C18D8E40600933444 /* Release */ = {
			isa = XCBuildConfiguration;
			buildSettings = {
				ALWAYS_SEARCH_USER_PATHS = NO;
				CLANG_ANALYZER_LOCALIZABILITY_NONLOCALIZED = YES;
				CLANG_ENABLE_MODULES = YES;
				CLANG_ENABLE_OBJC_ARC = YES;
				CLANG_WARN_BOOL_CONVERSION = YES;
				CLANG_WARN_CONSTANT_CONVERSION = YES;
				CLANG_WARN_EMPTY_BODY = YES;
				CLANG_WARN_ENUM_CONVERSION = YES;
				CLANG_WARN_INFINITE_RECURSION = YES;
				CLANG_WARN_INT_CONVERSION = YES;
				CLANG_WARN_SUSPICIOUS_MOVE = YES;
				CLANG_WARN_UNREACHABLE_CODE = YES;
				CLANG_WARN__DUPLICATE_METHOD_MATCH = YES;
				ENABLE_STRICT_OBJC_MSGSEND = YES;
				GCC_NO_COMMON_BLOCKS = YES;
				GCC_WARN_64_TO_32_BIT_CONVERSION = YES;
				GCC_WARN_ABOUT_RETURN_TYPE = YES;
				GCC_WARN_UNDECLARED_SELECTOR = YES;
				GCC_WARN_UNINITIALIZED_AUTOS = YES;
				GCC_WARN_UNUSED_FUNCTION = YES;
				GCC_WARN_UNUSED_VARIABLE = YES;
				IPHONEOS_DEPLOYMENT_TARGET = 8.0;
				SDKROOT = iphoneos;
				TARGETED_DEVICE_FAMILY = "1,2";
			};
			name = Release;
		};
		E08347ED1E0432A20035EC39 /* Debug */ = {
			isa = XCBuildConfiguration;
			buildSettings = {
				CLANG_ANALYZER_NONNULL = YES;
				CLANG_WARN_DOCUMENTATION_COMMENTS = YES;
				CLANG_WARN_INFINITE_RECURSION = YES;
				CLANG_WARN_SUSPICIOUS_MOVE = YES;
				CLANG_WARN_UNREACHABLE_CODE = YES;
				CODE_SIGN_IDENTITY = "";
				"CODE_SIGN_IDENTITY[sdk=iphoneos*]" = "";
				CURRENT_PROJECT_VERSION = 1;
				DEBUG_INFORMATION_FORMAT = dwarf;
				DEFINES_MODULE = YES;
				DYLIB_COMPATIBILITY_VERSION = 1;
				DYLIB_CURRENT_VERSION = 1;
				DYLIB_INSTALL_NAME_BASE = "@rpath";
				ENABLE_STRICT_OBJC_MSGSEND = YES;
				ENABLE_TESTABILITY = YES;
				FRAMEWORK_SEARCH_PATHS = (
					"$(inherited)",
					"$(PROJECT_DIR)/Vendor",
				);
				GCC_NO_COMMON_BLOCKS = YES;
				INFOPLIST_FILE = Rollbar/Info.plist;
				INSTALL_PATH = "$(LOCAL_LIBRARY_DIR)/Frameworks";
				IPHONEOS_DEPLOYMENT_TARGET = 8.0;
				LD_RUNPATH_SEARCH_PATHS = "$(inherited) @executable_path/Frameworks @loader_path/Frameworks";
				MTL_ENABLE_DEBUG_INFO = YES;
				PRODUCT_BUNDLE_IDENTIFIER = com.rollbar.Rollbar;
				PRODUCT_NAME = Rollbar;
				SKIP_INSTALL = YES;
				TARGETED_DEVICE_FAMILY = "1,2";
				VERSIONING_SYSTEM = "apple-generic";
				VERSION_INFO_PREFIX = "";
			};
			name = Debug;
		};
		E08347EE1E0432A20035EC39 /* Release */ = {
			isa = XCBuildConfiguration;
			buildSettings = {
				CLANG_ANALYZER_NONNULL = YES;
				CLANG_WARN_DOCUMENTATION_COMMENTS = YES;
				CLANG_WARN_INFINITE_RECURSION = YES;
				CLANG_WARN_SUSPICIOUS_MOVE = YES;
				CLANG_WARN_UNREACHABLE_CODE = YES;
				CODE_SIGN_IDENTITY = "";
				"CODE_SIGN_IDENTITY[sdk=iphoneos*]" = "";
				CURRENT_PROJECT_VERSION = 1;
				DEBUG_INFORMATION_FORMAT = "dwarf-with-dsym";
				DEFINES_MODULE = YES;
				DYLIB_COMPATIBILITY_VERSION = 1;
				DYLIB_CURRENT_VERSION = 1;
				DYLIB_INSTALL_NAME_BASE = "@rpath";
				ENABLE_STRICT_OBJC_MSGSEND = YES;
				FRAMEWORK_SEARCH_PATHS = (
					"$(inherited)",
					"$(PROJECT_DIR)/Vendor",
				);
				GCC_NO_COMMON_BLOCKS = YES;
				INFOPLIST_FILE = Rollbar/Info.plist;
				INSTALL_PATH = "$(LOCAL_LIBRARY_DIR)/Frameworks";
				IPHONEOS_DEPLOYMENT_TARGET = 8.0;
				LD_RUNPATH_SEARCH_PATHS = "$(inherited) @executable_path/Frameworks @loader_path/Frameworks";
				MTL_ENABLE_DEBUG_INFO = NO;
				PRODUCT_BUNDLE_IDENTIFIER = com.rollbar.Rollbar;
				PRODUCT_NAME = Rollbar;
				SKIP_INSTALL = YES;
				TARGETED_DEVICE_FAMILY = "1,2";
				VERSIONING_SYSTEM = "apple-generic";
				VERSION_INFO_PREFIX = "";
			};
			name = Release;
		};
		E08347F01E0432A20035EC39 /* Debug */ = {
			isa = XCBuildConfiguration;
			buildSettings = {
				CLANG_ANALYZER_NONNULL = YES;
				CLANG_WARN_DOCUMENTATION_COMMENTS = YES;
				CLANG_WARN_INFINITE_RECURSION = YES;
				CLANG_WARN_SUSPICIOUS_MOVE = YES;
				CLANG_WARN_UNREACHABLE_CODE = YES;
				"CODE_SIGN_IDENTITY[sdk=iphoneos*]" = "iPhone Developer";
				DEBUG_INFORMATION_FORMAT = dwarf;
				ENABLE_STRICT_OBJC_MSGSEND = YES;
				ENABLE_TESTABILITY = YES;
				GCC_NO_COMMON_BLOCKS = YES;
				INFOPLIST_FILE = RollbarTests/Info.plist;
				IPHONEOS_DEPLOYMENT_TARGET = 8.0;
				LD_RUNPATH_SEARCH_PATHS = "$(inherited) @executable_path/Frameworks @loader_path/Frameworks";
				MTL_ENABLE_DEBUG_INFO = YES;
				PRODUCT_BUNDLE_IDENTIFIER = "com.rollbar.Rollbar-iOSTests";
				PRODUCT_NAME = "$(TARGET_NAME)";
			};
			name = Debug;
		};
		E08347F11E0432A20035EC39 /* Release */ = {
			isa = XCBuildConfiguration;
			buildSettings = {
				CLANG_ANALYZER_NONNULL = YES;
				CLANG_WARN_DOCUMENTATION_COMMENTS = YES;
				CLANG_WARN_INFINITE_RECURSION = YES;
				CLANG_WARN_SUSPICIOUS_MOVE = YES;
				CLANG_WARN_UNREACHABLE_CODE = YES;
				"CODE_SIGN_IDENTITY[sdk=iphoneos*]" = "iPhone Developer";
				COPY_PHASE_STRIP = NO;
				DEBUG_INFORMATION_FORMAT = "dwarf-with-dsym";
				ENABLE_STRICT_OBJC_MSGSEND = YES;
				GCC_NO_COMMON_BLOCKS = YES;
				INFOPLIST_FILE = RollbarTests/Info.plist;
				IPHONEOS_DEPLOYMENT_TARGET = 8.0;
				LD_RUNPATH_SEARCH_PATHS = "$(inherited) @executable_path/Frameworks @loader_path/Frameworks";
				MTL_ENABLE_DEBUG_INFO = NO;
				PRODUCT_BUNDLE_IDENTIFIER = "com.rollbar.Rollbar-iOSTests";
				PRODUCT_NAME = "$(TARGET_NAME)";
			};
			name = Release;
		};
/* End XCBuildConfiguration section */

/* Begin XCConfigurationList section */
		96150F6A18EB9CE6004CBC34 /* Build configuration list for PBXAggregateTarget "Distribution" */ = {
			isa = XCConfigurationList;
			buildConfigurations = (
				96150F6B18EB9CE6004CBC34 /* Debug */,
				96150F6C18EB9CE6004CBC34 /* Release */,
			);
			defaultConfigurationIsVisible = 0;
			defaultConfigurationName = Release;
		};
		96D2220518D8E40600933444 /* Build configuration list for PBXProject "Rollbar" */ = {
			isa = XCConfigurationList;
			buildConfigurations = (
				96D2222B18D8E40600933444 /* Debug */,
				96D2222C18D8E40600933444 /* Release */,
			);
			defaultConfigurationIsVisible = 0;
			defaultConfigurationName = Release;
		};
		E08347EC1E0432A20035EC39 /* Build configuration list for PBXNativeTarget "Rollbar-iOS" */ = {
			isa = XCConfigurationList;
			buildConfigurations = (
				E08347ED1E0432A20035EC39 /* Debug */,
				E08347EE1E0432A20035EC39 /* Release */,
			);
			defaultConfigurationIsVisible = 0;
			defaultConfigurationName = Release;
		};
		E08347EF1E0432A20035EC39 /* Build configuration list for PBXNativeTarget "Rollbar-iOSTests" */ = {
			isa = XCConfigurationList;
			buildConfigurations = (
				E08347F01E0432A20035EC39 /* Debug */,
				E08347F11E0432A20035EC39 /* Release */,
			);
			defaultConfigurationIsVisible = 0;
			defaultConfigurationName = Release;
		};
/* End XCConfigurationList section */
	};
	rootObject = 96D2220218D8E40600933444 /* Project object */;
}
